// !$*UTF8*$!
{
	archiveVersion = 1;
	classes = {
	};
	objectVersion = 50;
	objects = {

/* Begin PBXBuildFile section */
		A55F436324ED029D00F46373 /* AppDelegate.swift in Sources */ = {isa = PBXBuildFile; fileRef = A55F436224ED029D00F46373 /* AppDelegate.swift */; };
		A55F436524ED029D00F46373 /* SceneDelegate.swift in Sources */ = {isa = PBXBuildFile; fileRef = A55F436424ED029D00F46373 /* SceneDelegate.swift */; };
		A55F436724ED029D00F46373 /* ViewController.swift in Sources */ = {isa = PBXBuildFile; fileRef = A55F436624ED029D00F46373 /* ViewController.swift */; };
		A55F436A24ED029D00F46373 /* Main.storyboard in Resources */ = {isa = PBXBuildFile; fileRef = A55F436824ED029D00F46373 /* Main.storyboard */; };
		A55F436D24ED029D00F46373 /* kk.xcdatamodeld in Sources */ = {isa = PBXBuildFile; fileRef = A55F436B24ED029D00F46373 /* kk.xcdatamodeld */; };
		A55F436F24ED029E00F46373 /* Assets.xcassets in Resources */ = {isa = PBXBuildFile; fileRef = A55F436E24ED029E00F46373 /* Assets.xcassets */; };
		A55F437224ED029E00F46373 /* LaunchScreen.storyboard in Resources */ = {isa = PBXBuildFile; fileRef = A55F437024ED029E00F46373 /* LaunchScreen.storyboard */; };
		A55F438324ED033500F46373 /* DaumMap.framework in Embed Frameworks */ = {isa = PBXBuildFile; fileRef = A55F438124ED033500F46373 /* DaumMap.framework */; settings = {ATTRIBUTES = (CodeSignOnCopy, RemoveHeadersOnCopy, ); }; };
		A55F438624ED03B400F46373 /* libsqlite3.tbd in Frameworks */ = {isa = PBXBuildFile; fileRef = A55F438524ED033F00F46373 /* libsqlite3.tbd */; };
		A55F438A24ED041E00F46373 /* QuartzCore.framework in Frameworks */ = {isa = PBXBuildFile; fileRef = A55F438924ED041E00F46373 /* QuartzCore.framework */; };
		A55F438C24ED047400F46373 /* CoreLocation.framework in Frameworks */ = {isa = PBXBuildFile; fileRef = A55F438B24ED047400F46373 /* CoreLocation.framework */; };
		A55F438E24ED048600F46373 /* SystemConfiguration.framework in Frameworks */ = {isa = PBXBuildFile; fileRef = A55F438D24ED048600F46373 /* SystemConfiguration.framework */; };
		A55F439024ED04A200F46373 /* OpenGLES.framework in Frameworks */ = {isa = PBXBuildFile; fileRef = A55F438F24ED04A200F46373 /* OpenGLES.framework */; };
/* End PBXBuildFile section */

/* Begin PBXCopyFilesBuildPhase section */
		A55F438424ED033500F46373 /* Embed Frameworks */ = {
			isa = PBXCopyFilesBuildPhase;
			buildActionMask = 2147483647;
			dstPath = "";
			dstSubfolderSpec = 10;
			files = (
				A55F438324ED033500F46373 /* DaumMap.framework in Embed Frameworks */,
			);
			name = "Embed Frameworks";
			runOnlyForDeploymentPostprocessing = 0;
		};
/* End PBXCopyFilesBuildPhase section */

/* Begin PBXFileReference section */
		A55F435F24ED029D00F46373 /* kk.app */ = {isa = PBXFileReference; explicitFileType = wrapper.application; includeInIndex = 0; path = kk.app; sourceTree = BUILT_PRODUCTS_DIR; };
		A55F436224ED029D00F46373 /* AppDelegate.swift */ = {isa = PBXFileReference; lastKnownFileType = sourcecode.swift; path = AppDelegate.swift; sourceTree = "<group>"; };
		A55F436424ED029D00F46373 /* SceneDelegate.swift */ = {isa = PBXFileReference; lastKnownFileType = sourcecode.swift; path = SceneDelegate.swift; sourceTree = "<group>"; };
		A55F436624ED029D00F46373 /* ViewController.swift */ = {isa = PBXFileReference; lastKnownFileType = sourcecode.swift; path = ViewController.swift; sourceTree = "<group>"; };
		A55F436924ED029D00F46373 /* Base */ = {isa = PBXFileReference; lastKnownFileType = file.storyboard; name = Base; path = Base.lproj/Main.storyboard; sourceTree = "<group>"; };
		A55F436C24ED029D00F46373 /* kk.xcdatamodel */ = {isa = PBXFileReference; lastKnownFileType = wrapper.xcdatamodel; path = kk.xcdatamodel; sourceTree = "<group>"; };
		A55F436E24ED029E00F46373 /* Assets.xcassets */ = {isa = PBXFileReference; lastKnownFileType = folder.assetcatalog; path = Assets.xcassets; sourceTree = "<group>"; };
		A55F437124ED029E00F46373 /* Base */ = {isa = PBXFileReference; lastKnownFileType = file.storyboard; name = Base; path = Base.lproj/LaunchScreen.storyboard; sourceTree = "<group>"; };
		A55F437324ED029E00F46373 /* Info.plist */ = {isa = PBXFileReference; lastKnownFileType = text.plist.xml; path = Info.plist; sourceTree = "<group>"; };
		A55F437C24ED02E400F46373 /* DaumMap.embeddedframework */ = {isa = PBXFileReference; lastKnownFileType = folder; name = DaumMap.embeddedframework; path = "../../../../Downloads/kakaoMapAPITest-master 3/DaumMap.embeddedframework"; sourceTree = "<group>"; };
		A55F438124ED033500F46373 /* DaumMap.framework */ = {isa = PBXFileReference; lastKnownFileType = wrapper.framework; name = DaumMap.framework; path = "../../../../Downloads/kakaoMapAPITest-master 3/DaumMap.embeddedframework/DaumMap.framework"; sourceTree = "<group>"; };
		A55F438524ED033F00F46373 /* libsqlite3.tbd */ = {isa = PBXFileReference; lastKnownFileType = "sourcecode.text-based-dylib-definition"; name = libsqlite3.tbd; path = usr/lib/libsqlite3.tbd; sourceTree = SDKROOT; };
		A55F438724ED03BE00F46373 /* libxml2.tbd */ = {isa = PBXFileReference; lastKnownFileType = "sourcecode.text-based-dylib-definition"; name = libxml2.tbd; path = usr/lib/libxml2.tbd; sourceTree = SDKROOT; };
		A55F438824ED03CF00F46373 /* libc++.tbd */ = {isa = PBXFileReference; lastKnownFileType = "sourcecode.text-based-dylib-definition"; name = "libc++.tbd"; path = "usr/lib/libc++.tbd"; sourceTree = SDKROOT; };
		A55F438924ED041E00F46373 /* QuartzCore.framework */ = {isa = PBXFileReference; lastKnownFileType = wrapper.framework; name = QuartzCore.framework; path = System/Library/Frameworks/QuartzCore.framework; sourceTree = SDKROOT; };
		A55F438B24ED047400F46373 /* CoreLocation.framework */ = {isa = PBXFileReference; lastKnownFileType = wrapper.framework; name = CoreLocation.framework; path = System/Library/Frameworks/CoreLocation.framework; sourceTree = SDKROOT; };
		A55F438D24ED048600F46373 /* SystemConfiguration.framework */ = {isa = PBXFileReference; lastKnownFileType = wrapper.framework; name = SystemConfiguration.framework; path = System/Library/Frameworks/SystemConfiguration.framework; sourceTree = SDKROOT; };
		A55F438F24ED04A200F46373 /* OpenGLES.framework */ = {isa = PBXFileReference; lastKnownFileType = wrapper.framework; name = OpenGLES.framework; path = System/Library/Frameworks/OpenGLES.framework; sourceTree = SDKROOT; };
		A55F439124ED054000F46373 /* Header.h */ = {isa = PBXFileReference; lastKnownFileType = sourcecode.c.h; path = Header.h; sourceTree = "<group>"; };
		A55F439224ED061600F46373 /* DaumMap.framework */ = {isa = PBXFileReference; lastKnownFileType = wrapper.framework; name = DaumMap.framework; path = "../../../../Downloads/kakaoMapAPITest-master 3/DaumMap.embeddedframework/DaumMap.framework"; sourceTree = "<group>"; };
/* End PBXFileReference section */

/* Begin PBXFrameworksBuildPhase section */
		A55F435C24ED029D00F46373 /* Frameworks */ = {
			isa = PBXFrameworksBuildPhase;
			buildActionMask = 2147483647;
			files = (
				A55F438C24ED047400F46373 /* CoreLocation.framework in Frameworks */,
				A55F438E24ED048600F46373 /* SystemConfiguration.framework in Frameworks */,
				A55F438624ED03B400F46373 /* libsqlite3.tbd in Frameworks */,
				A55F438A24ED041E00F46373 /* QuartzCore.framework in Frameworks */,
				A55F439024ED04A200F46373 /* OpenGLES.framework in Frameworks */,
			);
			runOnlyForDeploymentPostprocessing = 0;
		};
/* End PBXFrameworksBuildPhase section */

/* Begin PBXGroup section */
		A55F435624ED029D00F46373 = {
			isa = PBXGroup;
			children = (
				A55F439224ED061600F46373 /* DaumMap.framework */,
				A55F436124ED029D00F46373 /* kk */,
				A55F436024ED029D00F46373 /* Products */,
				A55F437B24ED02E400F46373 /* Frameworks */,
			);
			sourceTree = "<group>";
		};
		A55F436024ED029D00F46373 /* Products */ = {
			isa = PBXGroup;
			children = (
				A55F435F24ED029D00F46373 /* kk.app */,
			);
			name = Products;
			sourceTree = "<group>";
		};
		A55F436124ED029D00F46373 /* kk */ = {
			isa = PBXGroup;
			children = (
				A55F436224ED029D00F46373 /* AppDelegate.swift */,
				A55F436424ED029D00F46373 /* SceneDelegate.swift */,
				A55F436624ED029D00F46373 /* ViewController.swift */,
				A55F436824ED029D00F46373 /* Main.storyboard */,
				A55F436E24ED029E00F46373 /* Assets.xcassets */,
				A55F439124ED054000F46373 /* Header.h */,
				A55F437024ED029E00F46373 /* LaunchScreen.storyboard */,
				A55F437324ED029E00F46373 /* Info.plist */,
				A55F436B24ED029D00F46373 /* kk.xcdatamodeld */,
			);
			path = kk;
			sourceTree = "<group>";
		};
		A55F437B24ED02E400F46373 /* Frameworks */ = {
			isa = PBXGroup;
			children = (
				A55F438F24ED04A200F46373 /* OpenGLES.framework */,
				A55F438D24ED048600F46373 /* SystemConfiguration.framework */,
				A55F438B24ED047400F46373 /* CoreLocation.framework */,
				A55F438924ED041E00F46373 /* QuartzCore.framework */,
				A55F438824ED03CF00F46373 /* libc++.tbd */,
				A55F438724ED03BE00F46373 /* libxml2.tbd */,
				A55F438524ED033F00F46373 /* libsqlite3.tbd */,
				A55F438124ED033500F46373 /* DaumMap.framework */,
				A55F437C24ED02E400F46373 /* DaumMap.embeddedframework */,
			);
			name = Frameworks;
			sourceTree = "<group>";
		};
/* End PBXGroup section */

/* Begin PBXNativeTarget section */
		A55F435E24ED029D00F46373 /* kk */ = {
			isa = PBXNativeTarget;
			buildConfigurationList = A55F437624ED029E00F46373 /* Build configuration list for PBXNativeTarget "kk" */;
			buildPhases = (
				A55F435B24ED029D00F46373 /* Sources */,
				A55F435C24ED029D00F46373 /* Frameworks */,
				A55F435D24ED029D00F46373 /* Resources */,
				A55F438424ED033500F46373 /* Embed Frameworks */,
			);
			buildRules = (
			);
			dependencies = (
			);
			name = kk;
			productName = kk;
			productReference = A55F435F24ED029D00F46373 /* kk.app */;
			productType = "com.apple.product-type.application";
		};
/* End PBXNativeTarget section */

/* Begin PBXProject section */
		A55F435724ED029D00F46373 /* Project object */ = {
			isa = PBXProject;
			attributes = {
				LastSwiftUpdateCheck = 1130;
				LastUpgradeCheck = 1130;
				ORGANIZATIONNAME = "yujin son";
				TargetAttributes = {
					A55F435E24ED029D00F46373 = {
						CreatedOnToolsVersion = 11.3.1;
					};
				};
			};
			buildConfigurationList = A55F435A24ED029D00F46373 /* Build configuration list for PBXProject "kk" */;
			compatibilityVersion = "Xcode 9.3";
			developmentRegion = en;
			hasScannedForEncodings = 0;
			knownRegions = (
				en,
				Base,
			);
			mainGroup = A55F435624ED029D00F46373;
			productRefGroup = A55F436024ED029D00F46373 /* Products */;
			projectDirPath = "";
			projectRoot = "";
			targets = (
				A55F435E24ED029D00F46373 /* kk */,
			);
		};
/* End PBXProject section */

/* Begin PBXResourcesBuildPhase section */
		A55F435D24ED029D00F46373 /* Resources */ = {
			isa = PBXResourcesBuildPhase;
			buildActionMask = 2147483647;
			files = (
				A55F437224ED029E00F46373 /* LaunchScreen.storyboard in Resources */,
				A55F436F24ED029E00F46373 /* Assets.xcassets in Resources */,
				A55F436A24ED029D00F46373 /* Main.storyboard in Resources */,
			);
			runOnlyForDeploymentPostprocessing = 0;
		};
/* End PBXResourcesBuildPhase section */

/* Begin PBXSourcesBuildPhase section */
		A55F435B24ED029D00F46373 /* Sources */ = {
			isa = PBXSourcesBuildPhase;
			buildActionMask = 2147483647;
			files = (
				A55F436724ED029D00F46373 /* ViewController.swift in Sources */,
				A55F436D24ED029D00F46373 /* kk.xcdatamodeld in Sources */,
				A55F436324ED029D00F46373 /* AppDelegate.swift in Sources */,
				A55F436524ED029D00F46373 /* SceneDelegate.swift in Sources */,
			);
			runOnlyForDeploymentPostprocessing = 0;
		};
/* End PBXSourcesBuildPhase section */

/* Begin PBXVariantGroup section */
		A55F436824ED029D00F46373 /* Main.storyboard */ = {
			isa = PBXVariantGroup;
			children = (
				A55F436924ED029D00F46373 /* Base */,
			);
			name = Main.storyboard;
			sourceTree = "<group>";
		};
		A55F437024ED029E00F46373 /* LaunchScreen.storyboard */ = {
			isa = PBXVariantGroup;
			children = (
				A55F437124ED029E00F46373 /* Base */,
			);
			name = LaunchScreen.storyboard;
			sourceTree = "<group>";
		};
/* End PBXVariantGroup section */

/* Begin XCBuildConfiguration section */
		A55F437424ED029E00F46373 /* Debug */ = {
			isa = XCBuildConfiguration;
			buildSettings = {
				ALWAYS_SEARCH_USER_PATHS = NO;
				CLANG_ANALYZER_NONNULL = YES;
				CLANG_ANALYZER_NUMBER_OBJECT_CONVERSION = YES_AGGRESSIVE;
				CLANG_CXX_LANGUAGE_STANDARD = "gnu++14";
				CLANG_CXX_LIBRARY = "libc++";
				CLANG_ENABLE_MODULES = YES;
				CLANG_ENABLE_OBJC_ARC = YES;
				CLANG_ENABLE_OBJC_WEAK = YES;
				CLANG_WARN_BLOCK_CAPTURE_AUTORELEASING = YES;
				CLANG_WARN_BOOL_CONVERSION = YES;
				CLANG_WARN_COMMA = YES;
				CLANG_WARN_CONSTANT_CONVERSION = YES;
				CLANG_WARN_DEPRECATED_OBJC_IMPLEMENTATIONS = YES;
				CLANG_WARN_DIRECT_OBJC_ISA_USAGE = YES_ERROR;
				CLANG_WARN_DOCUMENTATION_COMMENTS = YES;
				CLANG_WARN_EMPTY_BODY = YES;
				CLANG_WARN_ENUM_CONVERSION = YES;
				CLANG_WARN_INFINITE_RECURSION = YES;
				CLANG_WARN_INT_CONVERSION = YES;
				CLANG_WARN_NON_LITERAL_NULL_CONVERSION = YES;
				CLANG_WARN_OBJC_IMPLICIT_RETAIN_SELF = YES;
				CLANG_WARN_OBJC_LITERAL_CONVERSION = YES;
				CLANG_WARN_OBJC_ROOT_CLASS = YES_ERROR;
				CLANG_WARN_RANGE_LOOP_ANALYSIS = YES;
				CLANG_WARN_STRICT_PROTOTYPES = YES;
				CLANG_WARN_SUSPICIOUS_MOVE = YES;
				CLANG_WARN_UNGUARDED_AVAILABILITY = YES_AGGRESSIVE;
				CLANG_WARN_UNREACHABLE_CODE = YES;
				CLANG_WARN__DUPLICATE_METHOD_MATCH = YES;
				COPY_PHASE_STRIP = NO;
				DEBUG_INFORMATION_FORMAT = dwarf;
				ENABLE_STRICT_OBJC_MSGSEND = YES;
				ENABLE_TESTABILITY = YES;
				GCC_C_LANGUAGE_STANDARD = gnu11;
				GCC_DYNAMIC_NO_PIC = NO;
				GCC_NO_COMMON_BLOCKS = YES;
				GCC_OPTIMIZATION_LEVEL = 0;
				GCC_PREPROCESSOR_DEFINITIONS = (
					"DEBUG=1",
					"$(inherited)",
				);
				GCC_WARN_64_TO_32_BIT_CONVERSION = YES;
				GCC_WARN_ABOUT_RETURN_TYPE = YES_ERROR;
				GCC_WARN_UNDECLARED_SELECTOR = YES;
				GCC_WARN_UNINITIALIZED_AUTOS = YES_AGGRESSIVE;
				GCC_WARN_UNUSED_FUNCTION = YES;
				GCC_WARN_UNUSED_VARIABLE = YES;
				IPHONEOS_DEPLOYMENT_TARGET = 13.2;
				MTL_ENABLE_DEBUG_INFO = INCLUDE_SOURCE;
				MTL_FAST_MATH = YES;
				ONLY_ACTIVE_ARCH = YES;
				SDKROOT = iphoneos;
				SWIFT_ACTIVE_COMPILATION_CONDITIONS = DEBUG;
				SWIFT_OBJC_BRIDGING_HEADER = "$(SRCROOT)/kk/Header.h";
				SWIFT_OPTIMIZATION_LEVEL = "-Onone";
			};
			name = Debug;
		};
		A55F437524ED029E00F46373 /* Release */ = {
			isa = XCBuildConfiguration;
			buildSettings = {
				ALWAYS_SEARCH_USER_PATHS = NO;
				CLANG_ANALYZER_NONNULL = YES;
				CLANG_ANALYZER_NUMBER_OBJECT_CONVERSION = YES_AGGRESSIVE;
				CLANG_CXX_LANGUAGE_STANDARD = "gnu++14";
				CLANG_CXX_LIBRARY = "libc++";
				CLANG_ENABLE_MODULES = YES;
				CLANG_ENABLE_OBJC_ARC = YES;
				CLANG_ENABLE_OBJC_WEAK = YES;
				CLANG_WARN_BLOCK_CAPTURE_AUTORELEASING = YES;
				CLANG_WARN_BOOL_CONVERSION = YES;
				CLANG_WARN_COMMA = YES;
				CLANG_WARN_CONSTANT_CONVERSION = YES;
				CLANG_WARN_DEPRECATED_OBJC_IMPLEMENTATIONS = YES;
				CLANG_WARN_DIRECT_OBJC_ISA_USAGE = YES_ERROR;
				CLANG_WARN_DOCUMENTATION_COMMENTS = YES;
				CLANG_WARN_EMPTY_BODY = YES;
				CLANG_WARN_ENUM_CONVERSION = YES;
				CLANG_WARN_INFINITE_RECURSION = YES;
				CLANG_WARN_INT_CONVERSION = YES;
				CLANG_WARN_NON_LITERAL_NULL_CONVERSION = YES;
				CLANG_WARN_OBJC_IMPLICIT_RETAIN_SELF = YES;
				CLANG_WARN_OBJC_LITERAL_CONVERSION = YES;
				CLANG_WARN_OBJC_ROOT_CLASS = YES_ERROR;
				CLANG_WARN_RANGE_LOOP_ANALYSIS = YES;
				CLANG_WARN_STRICT_PROTOTYPES = YES;
				CLANG_WARN_SUSPICIOUS_MOVE = YES;
				CLANG_WARN_UNGUARDED_AVAILABILITY = YES_AGGRESSIVE;
				CLANG_WARN_UNREACHABLE_CODE = YES;
				CLANG_WARN__DUPLICATE_METHOD_MATCH = YES;
				COPY_PHASE_STRIP = NO;
				DEBUG_INFORMATION_FORMAT = "dwarf-with-dsym";
				ENABLE_NS_ASSERTIONS = NO;
				ENABLE_STRICT_OBJC_MSGSEND = YES;
				GCC_C_LANGUAGE_STANDARD = gnu11;
				GCC_NO_COMMON_BLOCKS = YES;
				GCC_WARN_64_TO_32_BIT_CONVERSION = YES;
				GCC_WARN_ABOUT_RETURN_TYPE = YES_ERROR;
				GCC_WARN_UNDECLARED_SELECTOR = YES;
				GCC_WARN_UNINITIALIZED_AUTOS = YES_AGGRESSIVE;
				GCC_WARN_UNUSED_FUNCTION = YES;
				GCC_WARN_UNUSED_VARIABLE = YES;
				IPHONEOS_DEPLOYMENT_TARGET = 13.2;
				MTL_ENABLE_DEBUG_INFO = NO;
				MTL_FAST_MATH = YES;
				SDKROOT = iphoneos;
				SWIFT_COMPILATION_MODE = wholemodule;
				SWIFT_OBJC_BRIDGING_HEADER = "$(SRCROOT)/kk/Header.h";
				SWIFT_OPTIMIZATION_LEVEL = "-O";
				VALIDATE_PRODUCT = YES;
			};
			name = Release;
		};
		A55F437724ED029E00F46373 /* Debug */ = {
			isa = XCBuildConfiguration;
			buildSettings = {
				ASSETCATALOG_COMPILER_APPICON_NAME = AppIcon;
				CODE_SIGN_STYLE = Automatic;
				DEVELOPMENT_TEAM = GURS822HRB;
				FRAMEWORK_SEARCH_PATHS = (
					"$(inherited)",
					"$(PROJECT_DIR)",
				);
				INFOPLIST_FILE = kk/Info.plist;
				LD_RUNPATH_SEARCH_PATHS = (
					"$(inherited)",
					"@executable_path/Frameworks",
				);
				PRODUCT_BUNDLE_IDENTIFIER = "yujin-son.kk";
				PRODUCT_NAME = "$(TARGET_NAME)";
				SWIFT_OBJC_BRIDGING_HEADER = "$(SRCROOT)/kk/Header.h";
				SWIFT_VERSION = 5.0;
				TARGETED_DEVICE_FAMILY = "1,2";
			};
			name = Debug;
		};
		A55F437824ED029E00F46373 /* Release */ = {
			isa = XCBuildConfiguration;
			buildSettings = {
				ASSETCATALOG_COMPILER_APPICON_NAME = AppIcon;
				CODE_SIGN_STYLE = Automatic;
				DEVELOPMENT_TEAM = GURS822HRB;
				FRAMEWORK_SEARCH_PATHS = (
					"$(inherited)",
					"$(PROJECT_DIR)",
				);
				INFOPLIST_FILE = kk/Info.plist;
				LD_RUNPATH_SEARCH_PATHS = (
					"$(inherited)",
					"@executable_path/Frameworks",
				);
				PRODUCT_BUNDLE_IDENTIFIER = "yujin-son.kk";
				PRODUCT_NAME = "$(TARGET_NAME)";
				SWIFT_OBJC_BRIDGING_HEADER = "$(SRCROOT)/kk/Header.h";
				SWIFT_VERSION = 5.0;
				TARGETED_DEVICE_FAMILY = "1,2";
			};
			name = Release;
		};
/* End XCBuildConfiguration section */

/* Begin XCConfigurationList section */
		A55F435A24ED029D00F46373 /* Build configuration list for PBXProject "kk" */ = {
			isa = XCConfigurationList;
			buildConfigurations = (
				A55F437424ED029E00F46373 /* Debug */,
				A55F437524ED029E00F46373 /* Release */,
			);
			defaultConfigurationIsVisible = 0;
			defaultConfigurationName = Release;
		};
		A55F437624ED029E00F46373 /* Build configuration list for PBXNativeTarget "kk" */ = {
			isa = XCConfigurationList;
			buildConfigurations = (
				A55F437724ED029E00F46373 /* Debug */,
				A55F437824ED029E00F46373 /* Release */,
			);
			defaultConfigurationIsVisible = 0;
			defaultConfigurationName = Release;
		};
/* End XCConfigurationList section */

/* Begin XCVersionGroup section */
		A55F436B24ED029D00F46373 /* kk.xcdatamodeld */ = {
			isa = XCVersionGroup;
			children = (
				A55F436C24ED029D00F46373 /* kk.xcdatamodel */,
			);
			currentVersion = A55F436C24ED029D00F46373 /* kk.xcdatamodel */;
			path = kk.xcdatamodeld;
			sourceTree = "<group>";
			versionGroupType = wrapper.xcdatamodel;
		};
/* End XCVersionGroup section */
	};
	rootObject = A55F435724ED029D00F46373 /* Project object */;
}
