// !$*UTF8*$!
{
	archiveVersion = 1;
	classes = {
	};
	objectVersion = 50;
	objects = {

/* Begin PBXBuildFile section */
		A572E81225D582FD00F0D25E /* AppDelegate.swift in Sources */ = {isa = PBXBuildFile; fileRef = A572E81125D582FD00F0D25E /* AppDelegate.swift */; };
		A572E81425D582FD00F0D25E /* SceneDelegate.swift in Sources */ = {isa = PBXBuildFile; fileRef = A572E81325D582FD00F0D25E /* SceneDelegate.swift */; };
		A572E81925D582FD00F0D25E /* Main.storyboard in Resources */ = {isa = PBXBuildFile; fileRef = A572E81725D582FD00F0D25E /* Main.storyboard */; };
		A572E81B25D582FF00F0D25E /* Assets.xcassets in Resources */ = {isa = PBXBuildFile; fileRef = A572E81A25D582FF00F0D25E /* Assets.xcassets */; };
		A572E81E25D582FF00F0D25E /* LaunchScreen.storyboard in Resources */ = {isa = PBXBuildFile; fileRef = A572E81C25D582FF00F0D25E /* LaunchScreen.storyboard */; };
		A572E82C25D5854B00F0D25E /* BountyViewController.swift in Sources */ = {isa = PBXBuildFile; fileRef = A572E82B25D5854B00F0D25E /* BountyViewController.swift */; };
		A572E82E25D5855800F0D25E /* DetailViewController.swift in Sources */ = {isa = PBXBuildFile; fileRef = A572E82D25D5855800F0D25E /* DetailViewController.swift */; };
/* End PBXBuildFile section */

/* Begin PBXFileReference section */
		A572E80E25D582FD00F0D25E /* BountyList4.app */ = {isa = PBXFileReference; explicitFileType = wrapper.application; includeInIndex = 0; path = BountyList4.app; sourceTree = BUILT_PRODUCTS_DIR; };
		A572E81125D582FD00F0D25E /* AppDelegate.swift */ = {isa = PBXFileReference; lastKnownFileType = sourcecode.swift; path = AppDelegate.swift; sourceTree = "<group>"; };
		A572E81325D582FD00F0D25E /* SceneDelegate.swift */ = {isa = PBXFileReference; lastKnownFileType = sourcecode.swift; path = SceneDelegate.swift; sourceTree = "<group>"; };
		A572E81825D582FD00F0D25E /* Base */ = {isa = PBXFileReference; lastKnownFileType = file.storyboard; name = Base; path = Base.lproj/Main.storyboard; sourceTree = "<group>"; };
		A572E81A25D582FF00F0D25E /* Assets.xcassets */ = {isa = PBXFileReference; lastKnownFileType = folder.assetcatalog; path = Assets.xcassets; sourceTree = "<group>"; };
		A572E81D25D582FF00F0D25E /* Base */ = {isa = PBXFileReference; lastKnownFileType = file.storyboard; name = Base; path = Base.lproj/LaunchScreen.storyboard; sourceTree = "<group>"; };
		A572E81F25D582FF00F0D25E /* Info.plist */ = {isa = PBXFileReference; lastKnownFileType = text.plist.xml; path = Info.plist; sourceTree = "<group>"; };
		A572E82B25D5854B00F0D25E /* BountyViewController.swift */ = {isa = PBXFileReference; lastKnownFileType = sourcecode.swift; path = BountyViewController.swift; sourceTree = "<group>"; };
		A572E82D25D5855800F0D25E /* DetailViewController.swift */ = {isa = PBXFileReference; lastKnownFileType = sourcecode.swift; path = DetailViewController.swift; sourceTree = "<group>"; };
/* End PBXFileReference section */

/* Begin PBXFrameworksBuildPhase section */
		A572E80B25D582FD00F0D25E /* Frameworks */ = {
			isa = PBXFrameworksBuildPhase;
			buildActionMask = 2147483647;
			files = (
			);
			runOnlyForDeploymentPostprocessing = 0;
		};
/* End PBXFrameworksBuildPhase section */

/* Begin PBXGroup section */
		A572E80525D582FD00F0D25E = {
			isa = PBXGroup;
			children = (
				A572E81025D582FD00F0D25E /* BountyList4 */,
				A572E80F25D582FD00F0D25E /* Products */,
			);
			sourceTree = "<group>";
		};
		A572E80F25D582FD00F0D25E /* Products */ = {
			isa = PBXGroup;
			children = (
				A572E80E25D582FD00F0D25E /* BountyList4.app */,
			);
			name = Products;
			sourceTree = "<group>";
		};
		A572E81025D582FD00F0D25E /* BountyList4 */ = {
			isa = PBXGroup;
			children = (
				A572E81125D582FD00F0D25E /* AppDelegate.swift */,
				A572E82B25D5854B00F0D25E /* BountyViewController.swift */,
				A572E82D25D5855800F0D25E /* DetailViewController.swift */,
				A572E81325D582FD00F0D25E /* SceneDelegate.swift */,
				A572E81725D582FD00F0D25E /* Main.storyboard */,
				A572E81A25D582FF00F0D25E /* Assets.xcassets */,
				A572E81C25D582FF00F0D25E /* LaunchScreen.storyboard */,
				A572E81F25D582FF00F0D25E /* Info.plist */,
			);
			path = BountyList4;
			sourceTree = "<group>";
		};
/* End PBXGroup section */

/* Begin PBXNativeTarget section */
		A572E80D25D582FD00F0D25E /* BountyList4 */ = {
			isa = PBXNativeTarget;
			buildConfigurationList = A572E82225D582FF00F0D25E /* Build configuration list for PBXNativeTarget "BountyList4" */;
			buildPhases = (
				A572E80A25D582FD00F0D25E /* Sources */,
				A572E80B25D582FD00F0D25E /* Frameworks */,
				A572E80C25D582FD00F0D25E /* Resources */,
			);
			buildRules = (
			);
			dependencies = (
			);
			name = BountyList4;
			productName = BountyList4;
			productReference = A572E80E25D582FD00F0D25E /* BountyList4.app */;
			productType = "com.apple.product-type.application";
		};
/* End PBXNativeTarget section */

/* Begin PBXProject section */
		A572E80625D582FD00F0D25E /* Project object */ = {
			isa = PBXProject;
			attributes = {
				LastSwiftUpdateCheck = 1130;
				LastUpgradeCheck = 1130;
				ORGANIZATIONNAME = "yujin son";
				TargetAttributes = {
					A572E80D25D582FD00F0D25E = {
						CreatedOnToolsVersion = 11.3.1;
					};
				};
			};
			buildConfigurationList = A572E80925D582FD00F0D25E /* Build configuration list for PBXProject "BountyList4" */;
			compatibilityVersion = "Xcode 9.3";
			developmentRegion = en;
			hasScannedForEncodings = 0;
			knownRegions = (
				en,
				Base,
			);
			mainGroup = A572E80525D582FD00F0D25E;
			productRefGroup = A572E80F25D582FD00F0D25E /* Products */;
			projectDirPath = "";
			projectRoot = "";
			targets = (
				A572E80D25D582FD00F0D25E /* BountyList4 */,
			);
		};
/* End PBXProject section */

/* Begin PBXResourcesBuildPhase section */
		A572E80C25D582FD00F0D25E /* Resources */ = {
			isa = PBXResourcesBuildPhase;
			buildActionMask = 2147483647;
			files = (
				A572E81E25D582FF00F0D25E /* LaunchScreen.storyboard in Resources */,
				A572E81B25D582FF00F0D25E /* Assets.xcassets in Resources */,
				A572E81925D582FD00F0D25E /* Main.storyboard in Resources */,
			);
			runOnlyForDeploymentPostprocessing = 0;
		};
/* End PBXResourcesBuildPhase section */

/* Begin PBXSourcesBuildPhase section */
		A572E80A25D582FD00F0D25E /* Sources */ = {
			isa = PBXSourcesBuildPhase;
			buildActionMask = 2147483647;
			files = (
				A572E81225D582FD00F0D25E /* AppDelegate.swift in Sources */,
				A572E82C25D5854B00F0D25E /* BountyViewController.swift in Sources */,
				A572E81425D582FD00F0D25E /* SceneDelegate.swift in Sources */,
				A572E82E25D5855800F0D25E /* DetailViewController.swift in Sources */,
			);
			runOnlyForDeploymentPostprocessing = 0;
		};
/* End PBXSourcesBuildPhase section */

/* Begin PBXVariantGroup section */
		A572E81725D582FD00F0D25E /* Main.storyboard */ = {
			isa = PBXVariantGroup;
			children = (
				A572E81825D582FD00F0D25E /* Base */,
			);
			name = Main.storyboard;
			sourceTree = "<group>";
		};
		A572E81C25D582FF00F0D25E /* LaunchScreen.storyboard */ = {
			isa = PBXVariantGroup;
			children = (
				A572E81D25D582FF00F0D25E /* Base */,
			);
			name = LaunchScreen.storyboard;
			sourceTree = "<group>";
		};
/* End PBXVariantGroup section */

/* Begin XCBuildConfiguration section */
		A572E82025D582FF00F0D25E /* Debug */ = {
			isa = XCBuildConfiguration;
			buildSettings = {
				ALWAYS_SEARCH_USER_PATHS = NO;
				CLANG_ANALYZER_NONNULL = YES;
				CLANG_ANALYZER_NUMBER_OBJECT_CONVERSION = YES_AGGRESSIVE;
				CLANG_CXX_LANGUAGE_STANDARD = "gnu++14";
				CLANG_CXX_LIBRARY = "libc++";
				CLANG_ENABLE_MODULES = YES;
				CLANG_ENABLE_OBJC_ARC = YES;
				CLANG_ENABLE_OBJC_WEAK = YES;
				CLANG_WARN_BLOCK_CAPTURE_AUTORELEASING = YES;
				CLANG_WARN_BOOL_CONVERSION = YES;
				CLANG_WARN_COMMA = YES;
				CLANG_WARN_CONSTANT_CONVERSION = YES;
				CLANG_WARN_DEPRECATED_OBJC_IMPLEMENTATIONS = YES;
				CLANG_WARN_DIRECT_OBJC_ISA_USAGE = YES_ERROR;
				CLANG_WARN_DOCUMENTATION_COMMENTS = YES;
				CLANG_WARN_EMPTY_BODY = YES;
				CLANG_WARN_ENUM_CONVERSION = YES;
				CLANG_WARN_INFINITE_RECURSION = YES;
				CLANG_WARN_INT_CONVERSION = YES;
				CLANG_WARN_NON_LITERAL_NULL_CONVERSION = YES;
				CLANG_WARN_OBJC_IMPLICIT_RETAIN_SELF = YES;
				CLANG_WARN_OBJC_LITERAL_CONVERSION = YES;
				CLANG_WARN_OBJC_ROOT_CLASS = YES_ERROR;
				CLANG_WARN_RANGE_LOOP_ANALYSIS = YES;
				CLANG_WARN_STRICT_PROTOTYPES = YES;
				CLANG_WARN_SUSPICIOUS_MOVE = YES;
				CLANG_WARN_UNGUARDED_AVAILABILITY = YES_AGGRESSIVE;
				CLANG_WARN_UNREACHABLE_CODE = YES;
				CLANG_WARN__DUPLICATE_METHOD_MATCH = YES;
				COPY_PHASE_STRIP = NO;
				DEBUG_INFORMATION_FORMAT = dwarf;
				ENABLE_STRICT_OBJC_MSGSEND = YES;
				ENABLE_TESTABILITY = YES;
				GCC_C_LANGUAGE_STANDARD = gnu11;
				GCC_DYNAMIC_NO_PIC = NO;
				GCC_NO_COMMON_BLOCKS = YES;
				GCC_OPTIMIZATION_LEVEL = 0;
				GCC_PREPROCESSOR_DEFINITIONS = (
					"DEBUG=1",
					"$(inherited)",
				);
				GCC_WARN_64_TO_32_BIT_CONVERSION = YES;
				GCC_WARN_ABOUT_RETURN_TYPE = YES_ERROR;
				GCC_WARN_UNDECLARED_SELECTOR = YES;
				GCC_WARN_UNINITIALIZED_AUTOS = YES_AGGRESSIVE;
				GCC_WARN_UNUSED_FUNCTION = YES;
				GCC_WARN_UNUSED_VARIABLE = YES;
				IPHONEOS_DEPLOYMENT_TARGET = 13.2;
				MTL_ENABLE_DEBUG_INFO = INCLUDE_SOURCE;
				MTL_FAST_MATH = YES;
				ONLY_ACTIVE_ARCH = YES;
				SDKROOT = iphoneos;
				SWIFT_ACTIVE_COMPILATION_CONDITIONS = DEBUG;
				SWIFT_OPTIMIZATION_LEVEL = "-Onone";
			};
			name = Debug;
		};
		A572E82125D582FF00F0D25E /* Release */ = {
			isa = XCBuildConfiguration;
			buildSettings = {
				ALWAYS_SEARCH_USER_PATHS = NO;
				CLANG_ANALYZER_NONNULL = YES;
				CLANG_ANALYZER_NUMBER_OBJECT_CONVERSION = YES_AGGRESSIVE;
				CLANG_CXX_LANGUAGE_STANDARD = "gnu++14";
				CLANG_CXX_LIBRARY = "libc++";
				CLANG_ENABLE_MODULES = YES;
				CLANG_ENABLE_OBJC_ARC = YES;
				CLANG_ENABLE_OBJC_WEAK = YES;
				CLANG_WARN_BLOCK_CAPTURE_AUTORELEASING = YES;
				CLANG_WARN_BOOL_CONVERSION = YES;
				CLANG_WARN_COMMA = YES;
				CLANG_WARN_CONSTANT_CONVERSION = YES;
				CLANG_WARN_DEPRECATED_OBJC_IMPLEMENTATIONS = YES;
				CLANG_WARN_DIRECT_OBJC_ISA_USAGE = YES_ERROR;
				CLANG_WARN_DOCUMENTATION_COMMENTS = YES;
				CLANG_WARN_EMPTY_BODY = YES;
				CLANG_WARN_ENUM_CONVERSION = YES;
				CLANG_WARN_INFINITE_RECURSION = YES;
				CLANG_WARN_INT_CONVERSION = YES;
				CLANG_WARN_NON_LITERAL_NULL_CONVERSION = YES;
				CLANG_WARN_OBJC_IMPLICIT_RETAIN_SELF = YES;
				CLANG_WARN_OBJC_LITERAL_CONVERSION = YES;
				CLANG_WARN_OBJC_ROOT_CLASS = YES_ERROR;
				CLANG_WARN_RANGE_LOOP_ANALYSIS = YES;
				CLANG_WARN_STRICT_PROTOTYPES = YES;
				CLANG_WARN_SUSPICIOUS_MOVE = YES;
				CLANG_WARN_UNGUARDED_AVAILABILITY = YES_AGGRESSIVE;
				CLANG_WARN_UNREACHABLE_CODE = YES;
				CLANG_WARN__DUPLICATE_METHOD_MATCH = YES;
				COPY_PHASE_STRIP = NO;
				DEBUG_INFORMATION_FORMAT = "dwarf-with-dsym";
				ENABLE_NS_ASSERTIONS = NO;
				ENABLE_STRICT_OBJC_MSGSEND = YES;
				GCC_C_LANGUAGE_STANDARD = gnu11;
				GCC_NO_COMMON_BLOCKS = YES;
				GCC_WARN_64_TO_32_BIT_CONVERSION = YES;
				GCC_WARN_ABOUT_RETURN_TYPE = YES_ERROR;
				GCC_WARN_UNDECLARED_SELECTOR = YES;
				GCC_WARN_UNINITIALIZED_AUTOS = YES_AGGRESSIVE;
				GCC_WARN_UNUSED_FUNCTION = YES;
				GCC_WARN_UNUSED_VARIABLE = YES;
				IPHONEOS_DEPLOYMENT_TARGET = 13.2;
				MTL_ENABLE_DEBUG_INFO = NO;
				MTL_FAST_MATH = YES;
				SDKROOT = iphoneos;
				SWIFT_COMPILATION_MODE = wholemodule;
				SWIFT_OPTIMIZATION_LEVEL = "-O";
				VALIDATE_PRODUCT = YES;
			};
			name = Release;
		};
		A572E82325D582FF00F0D25E /* Debug */ = {
			isa = XCBuildConfiguration;
			buildSettings = {
				ASSETCATALOG_COMPILER_APPICON_NAME = AppIcon;
				CODE_SIGN_STYLE = Automatic;
				DEVELOPMENT_TEAM = GURS822HRB;
				INFOPLIST_FILE = BountyList4/Info.plist;
				LD_RUNPATH_SEARCH_PATHS = (
					"$(inherited)",
					"@executable_path/Frameworks",
				);
				PRODUCT_BUNDLE_IDENTIFIER = "yujin-son.BountyList4";
				PRODUCT_NAME = "$(TARGET_NAME)";
				SWIFT_VERSION = 5.0;
				TARGETED_DEVICE_FAMILY = "1,2";
			};
			name = Debug;
		};
		A572E82425D582FF00F0D25E /* Release */ = {
			isa = XCBuildConfiguration;
			buildSettings = {
				ASSETCATALOG_COMPILER_APPICON_NAME = AppIcon;
				CODE_SIGN_STYLE = Automatic;
				DEVELOPMENT_TEAM = GURS822HRB;
				INFOPLIST_FILE = BountyList4/Info.plist;
				LD_RUNPATH_SEARCH_PATHS = (
					"$(inherited)",
					"@executable_path/Frameworks",
				);
				PRODUCT_BUNDLE_IDENTIFIER = "yujin-son.BountyList4";
				PRODUCT_NAME = "$(TARGET_NAME)";
				SWIFT_VERSION = 5.0;
				TARGETED_DEVICE_FAMILY = "1,2";
			};
			name = Release;
		};
/* End XCBuildConfiguration section */

/* Begin XCConfigurationList section */
		A572E80925D582FD00F0D25E /* Build configuration list for PBXProject "BountyList4" */ = {
			isa = XCConfigurationList;
			buildConfigurations = (
				A572E82025D582FF00F0D25E /* Debug */,
				A572E82125D582FF00F0D25E /* Release */,
			);
			defaultConfigurationIsVisible = 0;
			defaultConfigurationName = Release;
		};
		A572E82225D582FF00F0D25E /* Build configuration list for PBXNativeTarget "BountyList4" */ = {
			isa = XCConfigurationList;
			buildConfigurations = (
				A572E82325D582FF00F0D25E /* Debug */,
				A572E82425D582FF00F0D25E /* Release */,
			);
			defaultConfigurationIsVisible = 0;
			defaultConfigurationName = Release;
		};
/* End XCConfigurationList section */
	};
	rootObject = A572E80625D582FD00F0D25E /* Project object */;
}
