// !$*UTF8*$!
{
	archiveVersion = 1;
	classes = {
	};
	objectVersion = 50;
	objects = {

/* Begin PBXBuildFile section */
		A5684FEA24EC1526003474F5 /* AppDelegate.swift in Sources */ = {isa = PBXBuildFile; fileRef = A5684FE924EC1526003474F5 /* AppDelegate.swift */; };
		A5684FEC24EC1526003474F5 /* SceneDelegate.swift in Sources */ = {isa = PBXBuildFile; fileRef = A5684FEB24EC1526003474F5 /* SceneDelegate.swift */; };
		A5684FEE24EC1526003474F5 /* ViewController.swift in Sources */ = {isa = PBXBuildFile; fileRef = A5684FED24EC1526003474F5 /* ViewController.swift */; };
		A5684FF124EC1526003474F5 /* Main.storyboard in Resources */ = {isa = PBXBuildFile; fileRef = A5684FEF24EC1526003474F5 /* Main.storyboard */; };
		A5684FF424EC1526003474F5 /* sibal2.xcdatamodeld in Sources */ = {isa = PBXBuildFile; fileRef = A5684FF224EC1526003474F5 /* sibal2.xcdatamodeld */; };
		A5684FF624EC1528003474F5 /* Assets.xcassets in Resources */ = {isa = PBXBuildFile; fileRef = A5684FF524EC1528003474F5 /* Assets.xcassets */; };
		A5684FF924EC1528003474F5 /* LaunchScreen.storyboard in Resources */ = {isa = PBXBuildFile; fileRef = A5684FF724EC1528003474F5 /* LaunchScreen.storyboard */; };
/* End PBXBuildFile section */

/* Begin PBXFileReference section */
		A54822B624ECDD8300C01225 /* DaumMap.embeddedframework.zip */ = {isa = PBXFileReference; lastKnownFileType = archive.zip; name = DaumMap.embeddedframework.zip; path = "../../../../Downloads/IOS_DaumMap_SDK_1.4.0 2/lib/DaumMap.embeddedframework.zip"; sourceTree = "<group>"; };
		A54822B724ECDDAF00C01225 /* IOS_DaumMap_Sample_1.4.0 2 */ = {isa = PBXFileReference; lastKnownFileType = folder; name = "IOS_DaumMap_Sample_1.4.0 2"; path = "../../../../Downloads/IOS_DaumMap_Sample_1.4.0 2"; sourceTree = "<group>"; };
		A5684FE624EC1526003474F5 /* sibal2.app */ = {isa = PBXFileReference; explicitFileType = wrapper.application; includeInIndex = 0; path = sibal2.app; sourceTree = BUILT_PRODUCTS_DIR; };
		A5684FE924EC1526003474F5 /* AppDelegate.swift */ = {isa = PBXFileReference; lastKnownFileType = sourcecode.swift; path = AppDelegate.swift; sourceTree = "<group>"; };
		A5684FEB24EC1526003474F5 /* SceneDelegate.swift */ = {isa = PBXFileReference; lastKnownFileType = sourcecode.swift; path = SceneDelegate.swift; sourceTree = "<group>"; };
		A5684FED24EC1526003474F5 /* ViewController.swift */ = {isa = PBXFileReference; lastKnownFileType = sourcecode.swift; path = ViewController.swift; sourceTree = "<group>"; };
		A5684FF024EC1526003474F5 /* Base */ = {isa = PBXFileReference; lastKnownFileType = file.storyboard; name = Base; path = Base.lproj/Main.storyboard; sourceTree = "<group>"; };
		A5684FF324EC1526003474F5 /* sibal2.xcdatamodel */ = {isa = PBXFileReference; lastKnownFileType = wrapper.xcdatamodel; path = sibal2.xcdatamodel; sourceTree = "<group>"; };
		A5684FF524EC1528003474F5 /* Assets.xcassets */ = {isa = PBXFileReference; lastKnownFileType = folder.assetcatalog; path = Assets.xcassets; sourceTree = "<group>"; };
		A5684FF824EC1528003474F5 /* Base */ = {isa = PBXFileReference; lastKnownFileType = file.storyboard; name = Base; path = Base.lproj/LaunchScreen.storyboard; sourceTree = "<group>"; };
		A5684FFA24EC1528003474F5 /* Info.plist */ = {isa = PBXFileReference; lastKnownFileType = text.plist.xml; path = Info.plist; sourceTree = "<group>"; };
		A568500124EC1602003474F5 /* DaumMap.framework */ = {isa = PBXFileReference; lastKnownFileType = wrapper.framework; name = DaumMap.framework; path = ../../../../Downloads/IOS_DaumMap_SDK_1.4.0/lib/DaumMap.embeddedframework/DaumMap.framework; sourceTree = "<group>"; };
/* End PBXFileReference section */

/* Begin PBXFrameworksBuildPhase section */
		A5684FE324EC1526003474F5 /* Frameworks */ = {
			isa = PBXFrameworksBuildPhase;
			buildActionMask = 2147483647;
			files = (
			);
			runOnlyForDeploymentPostprocessing = 0;
		};
/* End PBXFrameworksBuildPhase section */

/* Begin PBXGroup section */
		A5684FDD24EC1526003474F5 = {
			isa = PBXGroup;
			children = (
				A5684FE824EC1526003474F5 /* sibal2 */,
				A5684FE724EC1526003474F5 /* Products */,
				A568500024EC1602003474F5 /* Frameworks */,
			);
			sourceTree = "<group>";
		};
		A5684FE724EC1526003474F5 /* Products */ = {
			isa = PBXGroup;
			children = (
				A5684FE624EC1526003474F5 /* sibal2.app */,
			);
			name = Products;
			sourceTree = "<group>";
		};
		A5684FE824EC1526003474F5 /* sibal2 */ = {
			isa = PBXGroup;
			children = (
				A5684FE924EC1526003474F5 /* AppDelegate.swift */,
				A5684FEB24EC1526003474F5 /* SceneDelegate.swift */,
				A5684FED24EC1526003474F5 /* ViewController.swift */,
				A5684FEF24EC1526003474F5 /* Main.storyboard */,
				A5684FF524EC1528003474F5 /* Assets.xcassets */,
				A5684FF724EC1528003474F5 /* LaunchScreen.storyboard */,
				A5684FFA24EC1528003474F5 /* Info.plist */,
				A5684FF224EC1526003474F5 /* sibal2.xcdatamodeld */,
			);
			path = sibal2;
			sourceTree = "<group>";
		};
		A568500024EC1602003474F5 /* Frameworks */ = {
			isa = PBXGroup;
			children = (
				A54822B724ECDDAF00C01225 /* IOS_DaumMap_Sample_1.4.0 2 */,
				A54822B624ECDD8300C01225 /* DaumMap.embeddedframework.zip */,
				A568500124EC1602003474F5 /* DaumMap.framework */,
			);
			name = Frameworks;
			sourceTree = "<group>";
		};
/* End PBXGroup section */

/* Begin PBXNativeTarget section */
		A5684FE524EC1526003474F5 /* sibal2 */ = {
			isa = PBXNativeTarget;
			buildConfigurationList = A5684FFD24EC1528003474F5 /* Build configuration list for PBXNativeTarget "sibal2" */;
			buildPhases = (
				A5684FE224EC1526003474F5 /* Sources */,
				A5684FE324EC1526003474F5 /* Frameworks */,
				A5684FE424EC1526003474F5 /* Resources */,
			);
			buildRules = (
			);
			dependencies = (
			);
			name = sibal2;
			productName = sibal2;
			productReference = A5684FE624EC1526003474F5 /* sibal2.app */;
			productType = "com.apple.product-type.application";
		};
/* End PBXNativeTarget section */

/* Begin PBXProject section */
		A5684FDE24EC1526003474F5 /* Project object */ = {
			isa = PBXProject;
			attributes = {
				LastSwiftUpdateCheck = 1130;
				LastUpgradeCheck = 1130;
				ORGANIZATIONNAME = "yujin son";
				TargetAttributes = {
					A5684FE524EC1526003474F5 = {
						CreatedOnToolsVersion = 11.3.1;
					};
				};
			};
			buildConfigurationList = A5684FE124EC1526003474F5 /* Build configuration list for PBXProject "sibal2" */;
			compatibilityVersion = "Xcode 9.3";
			developmentRegion = en;
			hasScannedForEncodings = 0;
			knownRegions = (
				en,
				Base,
			);
			mainGroup = A5684FDD24EC1526003474F5;
			productRefGroup = A5684FE724EC1526003474F5 /* Products */;
			projectDirPath = "";
			projectRoot = "";
			targets = (
				A5684FE524EC1526003474F5 /* sibal2 */,
			);
		};
/* End PBXProject section */

/* Begin PBXResourcesBuildPhase section */
		A5684FE424EC1526003474F5 /* Resources */ = {
			isa = PBXResourcesBuildPhase;
			buildActionMask = 2147483647;
			files = (
				A5684FF924EC1528003474F5 /* LaunchScreen.storyboard in Resources */,
				A5684FF624EC1528003474F5 /* Assets.xcassets in Resources */,
				A5684FF124EC1526003474F5 /* Main.storyboard in Resources */,
			);
			runOnlyForDeploymentPostprocessing = 0;
		};
/* End PBXResourcesBuildPhase section */

/* Begin PBXSourcesBuildPhase section */
		A5684FE224EC1526003474F5 /* Sources */ = {
			isa = PBXSourcesBuildPhase;
			buildActionMask = 2147483647;
			files = (
				A5684FF424EC1526003474F5 /* sibal2.xcdatamodeld in Sources */,
				A5684FEE24EC1526003474F5 /* ViewController.swift in Sources */,
				A5684FEA24EC1526003474F5 /* AppDelegate.swift in Sources */,
				A5684FEC24EC1526003474F5 /* SceneDelegate.swift in Sources */,
			);
			runOnlyForDeploymentPostprocessing = 0;
		};
/* End PBXSourcesBuildPhase section */

/* Begin PBXVariantGroup section */
		A5684FEF24EC1526003474F5 /* Main.storyboard */ = {
			isa = PBXVariantGroup;
			children = (
				A5684FF024EC1526003474F5 /* Base */,
			);
			name = Main.storyboard;
			sourceTree = "<group>";
		};
		A5684FF724EC1528003474F5 /* LaunchScreen.storyboard */ = {
			isa = PBXVariantGroup;
			children = (
				A5684FF824EC1528003474F5 /* Base */,
			);
			name = LaunchScreen.storyboard;
			sourceTree = "<group>";
		};
/* End PBXVariantGroup section */

/* Begin XCBuildConfiguration section */
		A5684FFB24EC1528003474F5 /* Debug */ = {
			isa = XCBuildConfiguration;
			buildSettings = {
				ALWAYS_SEARCH_USER_PATHS = NO;
				CLANG_ANALYZER_NONNULL = YES;
				CLANG_ANALYZER_NUMBER_OBJECT_CONVERSION = YES_AGGRESSIVE;
				CLANG_CXX_LANGUAGE_STANDARD = "gnu++14";
				CLANG_CXX_LIBRARY = "libc++";
				CLANG_ENABLE_MODULES = YES;
				CLANG_ENABLE_OBJC_ARC = YES;
				CLANG_ENABLE_OBJC_WEAK = YES;
				CLANG_WARN_BLOCK_CAPTURE_AUTORELEASING = YES;
				CLANG_WARN_BOOL_CONVERSION = YES;
				CLANG_WARN_COMMA = YES;
				CLANG_WARN_CONSTANT_CONVERSION = YES;
				CLANG_WARN_DEPRECATED_OBJC_IMPLEMENTATIONS = YES;
				CLANG_WARN_DIRECT_OBJC_ISA_USAGE = YES_ERROR;
				CLANG_WARN_DOCUMENTATION_COMMENTS = YES;
				CLANG_WARN_EMPTY_BODY = YES;
				CLANG_WARN_ENUM_CONVERSION = YES;
				CLANG_WARN_INFINITE_RECURSION = YES;
				CLANG_WARN_INT_CONVERSION = YES;
				CLANG_WARN_NON_LITERAL_NULL_CONVERSION = YES;
				CLANG_WARN_OBJC_IMPLICIT_RETAIN_SELF = YES;
				CLANG_WARN_OBJC_LITERAL_CONVERSION = YES;
				CLANG_WARN_OBJC_ROOT_CLASS = YES_ERROR;
				CLANG_WARN_RANGE_LOOP_ANALYSIS = YES;
				CLANG_WARN_STRICT_PROTOTYPES = YES;
				CLANG_WARN_SUSPICIOUS_MOVE = YES;
				CLANG_WARN_UNGUARDED_AVAILABILITY = YES_AGGRESSIVE;
				CLANG_WARN_UNREACHABLE_CODE = YES;
				CLANG_WARN__DUPLICATE_METHOD_MATCH = YES;
				COPY_PHASE_STRIP = NO;
				DEBUG_INFORMATION_FORMAT = dwarf;
				ENABLE_STRICT_OBJC_MSGSEND = YES;
				ENABLE_TESTABILITY = YES;
				GCC_C_LANGUAGE_STANDARD = gnu11;
				GCC_DYNAMIC_NO_PIC = NO;
				GCC_NO_COMMON_BLOCKS = YES;
				GCC_OPTIMIZATION_LEVEL = 0;
				GCC_PREPROCESSOR_DEFINITIONS = (
					"DEBUG=1",
					"$(inherited)",
				);
				GCC_WARN_64_TO_32_BIT_CONVERSION = YES;
				GCC_WARN_ABOUT_RETURN_TYPE = YES_ERROR;
				GCC_WARN_UNDECLARED_SELECTOR = YES;
				GCC_WARN_UNINITIALIZED_AUTOS = YES_AGGRESSIVE;
				GCC_WARN_UNUSED_FUNCTION = YES;
				GCC_WARN_UNUSED_VARIABLE = YES;
				IPHONEOS_DEPLOYMENT_TARGET = 13.2;
				MTL_ENABLE_DEBUG_INFO = INCLUDE_SOURCE;
				MTL_FAST_MATH = YES;
				ONLY_ACTIVE_ARCH = YES;
				SDKROOT = iphoneos;
				SWIFT_ACTIVE_COMPILATION_CONDITIONS = DEBUG;
				SWIFT_OPTIMIZATION_LEVEL = "-Onone";
			};
			name = Debug;
		};
		A5684FFC24EC1528003474F5 /* Release */ = {
			isa = XCBuildConfiguration;
			buildSettings = {
				ALWAYS_SEARCH_USER_PATHS = NO;
				CLANG_ANALYZER_NONNULL = YES;
				CLANG_ANALYZER_NUMBER_OBJECT_CONVERSION = YES_AGGRESSIVE;
				CLANG_CXX_LANGUAGE_STANDARD = "gnu++14";
				CLANG_CXX_LIBRARY = "libc++";
				CLANG_ENABLE_MODULES = YES;
				CLANG_ENABLE_OBJC_ARC = YES;
				CLANG_ENABLE_OBJC_WEAK = YES;
				CLANG_WARN_BLOCK_CAPTURE_AUTORELEASING = YES;
				CLANG_WARN_BOOL_CONVERSION = YES;
				CLANG_WARN_COMMA = YES;
				CLANG_WARN_CONSTANT_CONVERSION = YES;
				CLANG_WARN_DEPRECATED_OBJC_IMPLEMENTATIONS = YES;
				CLANG_WARN_DIRECT_OBJC_ISA_USAGE = YES_ERROR;
				CLANG_WARN_DOCUMENTATION_COMMENTS = YES;
				CLANG_WARN_EMPTY_BODY = YES;
				CLANG_WARN_ENUM_CONVERSION = YES;
				CLANG_WARN_INFINITE_RECURSION = YES;
				CLANG_WARN_INT_CONVERSION = YES;
				CLANG_WARN_NON_LITERAL_NULL_CONVERSION = YES;
				CLANG_WARN_OBJC_IMPLICIT_RETAIN_SELF = YES;
				CLANG_WARN_OBJC_LITERAL_CONVERSION = YES;
				CLANG_WARN_OBJC_ROOT_CLASS = YES_ERROR;
				CLANG_WARN_RANGE_LOOP_ANALYSIS = YES;
				CLANG_WARN_STRICT_PROTOTYPES = YES;
				CLANG_WARN_SUSPICIOUS_MOVE = YES;
				CLANG_WARN_UNGUARDED_AVAILABILITY = YES_AGGRESSIVE;
				CLANG_WARN_UNREACHABLE_CODE = YES;
				CLANG_WARN__DUPLICATE_METHOD_MATCH = YES;
				COPY_PHASE_STRIP = NO;
				DEBUG_INFORMATION_FORMAT = "dwarf-with-dsym";
				ENABLE_NS_ASSERTIONS = NO;
				ENABLE_STRICT_OBJC_MSGSEND = YES;
				GCC_C_LANGUAGE_STANDARD = gnu11;
				GCC_NO_COMMON_BLOCKS = YES;
				GCC_WARN_64_TO_32_BIT_CONVERSION = YES;
				GCC_WARN_ABOUT_RETURN_TYPE = YES_ERROR;
				GCC_WARN_UNDECLARED_SELECTOR = YES;
				GCC_WARN_UNINITIALIZED_AUTOS = YES_AGGRESSIVE;
				GCC_WARN_UNUSED_FUNCTION = YES;
				GCC_WARN_UNUSED_VARIABLE = YES;
				IPHONEOS_DEPLOYMENT_TARGET = 13.2;
				MTL_ENABLE_DEBUG_INFO = NO;
				MTL_FAST_MATH = YES;
				SDKROOT = iphoneos;
				SWIFT_COMPILATION_MODE = wholemodule;
				SWIFT_OPTIMIZATION_LEVEL = "-O";
				VALIDATE_PRODUCT = YES;
			};
			name = Release;
		};
		A5684FFE24EC1528003474F5 /* Debug */ = {
			isa = XCBuildConfiguration;
			buildSettings = {
				ASSETCATALOG_COMPILER_APPICON_NAME = AppIcon;
				CODE_SIGN_STYLE = Automatic;
				DEVELOPMENT_TEAM = GURS822HRB;
				INFOPLIST_FILE = sibal2/Info.plist;
				LD_RUNPATH_SEARCH_PATHS = (
					"$(inherited)",
					"@executable_path/Frameworks",
				);
				PRODUCT_BUNDLE_IDENTIFIER = "yujin-son.sibal2";
				PRODUCT_NAME = "$(TARGET_NAME)";
				SWIFT_VERSION = 5.0;
				TARGETED_DEVICE_FAMILY = "1,2";
			};
			name = Debug;
		};
		A5684FFF24EC1528003474F5 /* Release */ = {
			isa = XCBuildConfiguration;
			buildSettings = {
				ASSETCATALOG_COMPILER_APPICON_NAME = AppIcon;
				CODE_SIGN_STYLE = Automatic;
				DEVELOPMENT_TEAM = GURS822HRB;
				INFOPLIST_FILE = sibal2/Info.plist;
				LD_RUNPATH_SEARCH_PATHS = (
					"$(inherited)",
					"@executable_path/Frameworks",
				);
				PRODUCT_BUNDLE_IDENTIFIER = "yujin-son.sibal2";
				PRODUCT_NAME = "$(TARGET_NAME)";
				SWIFT_VERSION = 5.0;
				TARGETED_DEVICE_FAMILY = "1,2";
			};
			name = Release;
		};
/* End XCBuildConfiguration section */

/* Begin XCConfigurationList section */
		A5684FE124EC1526003474F5 /* Build configuration list for PBXProject "sibal2" */ = {
			isa = XCConfigurationList;
			buildConfigurations = (
				A5684FFB24EC1528003474F5 /* Debug */,
				A5684FFC24EC1528003474F5 /* Release */,
			);
			defaultConfigurationIsVisible = 0;
			defaultConfigurationName = Release;
		};
		A5684FFD24EC1528003474F5 /* Build configuration list for PBXNativeTarget "sibal2" */ = {
			isa = XCConfigurationList;
			buildConfigurations = (
				A5684FFE24EC1528003474F5 /* Debug */,
				A5684FFF24EC1528003474F5 /* Release */,
			);
			defaultConfigurationIsVisible = 0;
			defaultConfigurationName = Release;
		};
/* End XCConfigurationList section */

/* Begin XCVersionGroup section */
		A5684FF224EC1526003474F5 /* sibal2.xcdatamodeld */ = {
			isa = XCVersionGroup;
			children = (
				A5684FF324EC1526003474F5 /* sibal2.xcdatamodel */,
			);
			currentVersion = A5684FF324EC1526003474F5 /* sibal2.xcdatamodel */;
			path = sibal2.xcdatamodeld;
			sourceTree = "<group>";
			versionGroupType = wrapper.xcdatamodel;
		};
/* End XCVersionGroup section */
	};
	rootObject = A5684FDE24EC1526003474F5 /* Project object */;
}
