// !$*UTF8*$!
{
	archiveVersion = 1;
	classes = {
	};
	objectVersion = 50;
	objects = {

/* Begin PBXBuildFile section */
		A548236024ECE7CC00C01225 /* AppDelegate.swift in Sources */ = {isa = PBXBuildFile; fileRef = A548235F24ECE7CC00C01225 /* AppDelegate.swift */; };
		A548236224ECE7CC00C01225 /* SceneDelegate.swift in Sources */ = {isa = PBXBuildFile; fileRef = A548236124ECE7CC00C01225 /* SceneDelegate.swift */; };
		A548236424ECE7CC00C01225 /* ViewController.swift in Sources */ = {isa = PBXBuildFile; fileRef = A548236324ECE7CC00C01225 /* ViewController.swift */; };
		A548236724ECE7CC00C01225 /* Main.storyboard in Resources */ = {isa = PBXBuildFile; fileRef = A548236524ECE7CC00C01225 /* Main.storyboard */; };
		A548236A24ECE7CC00C01225 /* n.xcdatamodeld in Sources */ = {isa = PBXBuildFile; fileRef = A548236824ECE7CC00C01225 /* n.xcdatamodeld */; };
		A548236C24ECE7CD00C01225 /* Assets.xcassets in Resources */ = {isa = PBXBuildFile; fileRef = A548236B24ECE7CD00C01225 /* Assets.xcassets */; };
		A548236F24ECE7CD00C01225 /* LaunchScreen.storyboard in Resources */ = {isa = PBXBuildFile; fileRef = A548236D24ECE7CD00C01225 /* LaunchScreen.storyboard */; };
		A548237924ECE80900C01225 /* DaumMap.framework in Frameworks */ = {isa = PBXBuildFile; fileRef = A548237824ECE80900C01225 /* DaumMap.framework */; };
		A548237A24ECE80900C01225 /* DaumMap.framework in Embed Frameworks */ = {isa = PBXBuildFile; fileRef = A548237824ECE80900C01225 /* DaumMap.framework */; settings = {ATTRIBUTES = (CodeSignOnCopy, RemoveHeadersOnCopy, ); }; };
		A548237D24ECE83200C01225 /* DaumMap.framework in Frameworks */ = {isa = PBXBuildFile; fileRef = A548237C24ECE83200C01225 /* DaumMap.framework */; };
		A548238024ECE96000C01225 /* OpenGLES.framework in Frameworks */ = {isa = PBXBuildFile; fileRef = A548237E24ECE8E800C01225 /* OpenGLES.framework */; };
		A548238224ECE96600C01225 /* SystemConfiguration.framework in Frameworks */ = {isa = PBXBuildFile; fileRef = A548238124ECE96600C01225 /* SystemConfiguration.framework */; };
		A548238424ECE96E00C01225 /* CoreLocation.framework in Frameworks */ = {isa = PBXBuildFile; fileRef = A548238324ECE96E00C01225 /* CoreLocation.framework */; };
		A548238624ECE97800C01225 /* QuartzCore.framework in Frameworks */ = {isa = PBXBuildFile; fileRef = A548238524ECE97800C01225 /* QuartzCore.framework */; };
/* End PBXBuildFile section */

/* Begin PBXCopyFilesBuildPhase section */
		A548237B24ECE80900C01225 /* Embed Frameworks */ = {
			isa = PBXCopyFilesBuildPhase;
			buildActionMask = 2147483647;
			dstPath = "";
			dstSubfolderSpec = 10;
			files = (
				A548237A24ECE80900C01225 /* DaumMap.framework in Embed Frameworks */,
			);
			name = "Embed Frameworks";
			runOnlyForDeploymentPostprocessing = 0;
		};
/* End PBXCopyFilesBuildPhase section */

/* Begin PBXFileReference section */
		A548235C24ECE7CC00C01225 /* n.app */ = {isa = PBXFileReference; explicitFileType = wrapper.application; includeInIndex = 0; path = n.app; sourceTree = BUILT_PRODUCTS_DIR; };
		A548235F24ECE7CC00C01225 /* AppDelegate.swift */ = {isa = PBXFileReference; lastKnownFileType = sourcecode.swift; path = AppDelegate.swift; sourceTree = "<group>"; };
		A548236124ECE7CC00C01225 /* SceneDelegate.swift */ = {isa = PBXFileReference; lastKnownFileType = sourcecode.swift; path = SceneDelegate.swift; sourceTree = "<group>"; };
		A548236324ECE7CC00C01225 /* ViewController.swift */ = {isa = PBXFileReference; lastKnownFileType = sourcecode.swift; path = ViewController.swift; sourceTree = "<group>"; };
		A548236624ECE7CC00C01225 /* Base */ = {isa = PBXFileReference; lastKnownFileType = file.storyboard; name = Base; path = Base.lproj/Main.storyboard; sourceTree = "<group>"; };
		A548236924ECE7CC00C01225 /* n.xcdatamodel */ = {isa = PBXFileReference; lastKnownFileType = wrapper.xcdatamodel; path = n.xcdatamodel; sourceTree = "<group>"; };
		A548236B24ECE7CD00C01225 /* Assets.xcassets */ = {isa = PBXFileReference; lastKnownFileType = folder.assetcatalog; path = Assets.xcassets; sourceTree = "<group>"; };
		A548236E24ECE7CD00C01225 /* Base */ = {isa = PBXFileReference; lastKnownFileType = file.storyboard; name = Base; path = Base.lproj/LaunchScreen.storyboard; sourceTree = "<group>"; };
		A548237024ECE7CD00C01225 /* Info.plist */ = {isa = PBXFileReference; lastKnownFileType = text.plist.xml; path = Info.plist; sourceTree = "<group>"; };
		A548237724ECE80300C01225 /* DaumMap.embeddedframework */ = {isa = PBXFileReference; lastKnownFileType = folder; name = DaumMap.embeddedframework; path = "../../../../Downloads/kakaoMapAPITest-master 3/DaumMap.embeddedframework"; sourceTree = "<group>"; };
		A548237824ECE80900C01225 /* DaumMap.framework */ = {isa = PBXFileReference; lastKnownFileType = wrapper.framework; name = DaumMap.framework; path = "../../../../Downloads/kakaoMapAPITest-master 3/DaumMap.embeddedframework/DaumMap.framework"; sourceTree = "<group>"; };
		A548237C24ECE83200C01225 /* DaumMap.framework */ = {isa = PBXFileReference; lastKnownFileType = wrapper.framework; path = DaumMap.framework; sourceTree = "<group>"; };
		A548237E24ECE8E800C01225 /* OpenGLES.framework */ = {isa = PBXFileReference; lastKnownFileType = wrapper.framework; name = OpenGLES.framework; path = System/Library/Frameworks/OpenGLES.framework; sourceTree = SDKROOT; };
		A548238124ECE96600C01225 /* SystemConfiguration.framework */ = {isa = PBXFileReference; lastKnownFileType = wrapper.framework; name = SystemConfiguration.framework; path = System/Library/Frameworks/SystemConfiguration.framework; sourceTree = SDKROOT; };
		A548238324ECE96E00C01225 /* CoreLocation.framework */ = {isa = PBXFileReference; lastKnownFileType = wrapper.framework; name = CoreLocation.framework; path = System/Library/Frameworks/CoreLocation.framework; sourceTree = SDKROOT; };
		A548238524ECE97800C01225 /* QuartzCore.framework */ = {isa = PBXFileReference; lastKnownFileType = wrapper.framework; name = QuartzCore.framework; path = System/Library/Frameworks/QuartzCore.framework; sourceTree = SDKROOT; };
		A548238724ECE98100C01225 /* libc++.tbd */ = {isa = PBXFileReference; lastKnownFileType = "sourcecode.text-based-dylib-definition"; name = "libc++.tbd"; path = "usr/lib/libc++.tbd"; sourceTree = SDKROOT; };
		A548238824ECE98E00C01225 /* libxml2.tbd */ = {isa = PBXFileReference; lastKnownFileType = "sourcecode.text-based-dylib-definition"; name = libxml2.tbd; path = usr/lib/libxml2.tbd; sourceTree = SDKROOT; };
		A548238924ECE99700C01225 /* libsqlite3.tbd */ = {isa = PBXFileReference; lastKnownFileType = "sourcecode.text-based-dylib-definition"; name = libsqlite3.tbd; path = usr/lib/libsqlite3.tbd; sourceTree = SDKROOT; };
		A55F435524ECFC3D00F46373 /* Header.h */ = {isa = PBXFileReference; lastKnownFileType = sourcecode.c.h; path = Header.h; sourceTree = "<group>"; };
/* End PBXFileReference section */

/* Begin PBXFrameworksBuildPhase section */
		A548235924ECE7CC00C01225 /* Frameworks */ = {
			isa = PBXFrameworksBuildPhase;
			buildActionMask = 2147483647;
			files = (
				A548237D24ECE83200C01225 /* DaumMap.framework in Frameworks */,
				A548238424ECE96E00C01225 /* CoreLocation.framework in Frameworks */,
				A548238624ECE97800C01225 /* QuartzCore.framework in Frameworks */,
				A548237924ECE80900C01225 /* DaumMap.framework in Frameworks */,
				A548238224ECE96600C01225 /* SystemConfiguration.framework in Frameworks */,
				A548238024ECE96000C01225 /* OpenGLES.framework in Frameworks */,
			);
			runOnlyForDeploymentPostprocessing = 0;
		};
/* End PBXFrameworksBuildPhase section */

/* Begin PBXGroup section */
		A548235324ECE7CC00C01225 = {
			isa = PBXGroup;
			children = (
				A548237C24ECE83200C01225 /* DaumMap.framework */,
				A548235E24ECE7CC00C01225 /* n */,
				A548235D24ECE7CC00C01225 /* Products */,
				A548237624ECE80300C01225 /* Frameworks */,
			);
			sourceTree = "<group>";
		};
		A548235D24ECE7CC00C01225 /* Products */ = {
			isa = PBXGroup;
			children = (
				A548235C24ECE7CC00C01225 /* n.app */,
			);
			name = Products;
			sourceTree = "<group>";
		};
		A548235E24ECE7CC00C01225 /* n */ = {
			isa = PBXGroup;
			children = (
				A548235F24ECE7CC00C01225 /* AppDelegate.swift */,
				A548236124ECE7CC00C01225 /* SceneDelegate.swift */,
				A55F435524ECFC3D00F46373 /* Header.h */,
				A548236324ECE7CC00C01225 /* ViewController.swift */,
				A548236524ECE7CC00C01225 /* Main.storyboard */,
				A548236B24ECE7CD00C01225 /* Assets.xcassets */,
				A548236D24ECE7CD00C01225 /* LaunchScreen.storyboard */,
				A548237024ECE7CD00C01225 /* Info.plist */,
				A548236824ECE7CC00C01225 /* n.xcdatamodeld */,
			);
			path = n;
			sourceTree = "<group>";
		};
		A548237624ECE80300C01225 /* Frameworks */ = {
			isa = PBXGroup;
			children = (
				A548238924ECE99700C01225 /* libsqlite3.tbd */,
				A548238824ECE98E00C01225 /* libxml2.tbd */,
				A548238724ECE98100C01225 /* libc++.tbd */,
				A548238524ECE97800C01225 /* QuartzCore.framework */,
				A548238324ECE96E00C01225 /* CoreLocation.framework */,
				A548238124ECE96600C01225 /* SystemConfiguration.framework */,
				A548237E24ECE8E800C01225 /* OpenGLES.framework */,
				A548237824ECE80900C01225 /* DaumMap.framework */,
				A548237724ECE80300C01225 /* DaumMap.embeddedframework */,
			);
			name = Frameworks;
			sourceTree = "<group>";
		};
/* End PBXGroup section */

/* Begin PBXNativeTarget section */
		A548235B24ECE7CC00C01225 /* n */ = {
			isa = PBXNativeTarget;
			buildConfigurationList = A548237324ECE7CD00C01225 /* Build configuration list for PBXNativeTarget "n" */;
			buildPhases = (
				A548235824ECE7CC00C01225 /* Sources */,
				A548235924ECE7CC00C01225 /* Frameworks */,
				A548235A24ECE7CC00C01225 /* Resources */,
				A548237B24ECE80900C01225 /* Embed Frameworks */,
			);
			buildRules = (
			);
			dependencies = (
			);
			name = n;
			productName = n;
			productReference = A548235C24ECE7CC00C01225 /* n.app */;
			productType = "com.apple.product-type.application";
		};
/* End PBXNativeTarget section */

/* Begin PBXProject section */
		A548235424ECE7CC00C01225 /* Project object */ = {
			isa = PBXProject;
			attributes = {
				LastSwiftUpdateCheck = 1130;
				LastUpgradeCheck = 1130;
				ORGANIZATIONNAME = "yujin son";
				TargetAttributes = {
					A548235B24ECE7CC00C01225 = {
						CreatedOnToolsVersion = 11.3.1;
					};
				};
			};
			buildConfigurationList = A548235724ECE7CC00C01225 /* Build configuration list for PBXProject "n" */;
			compatibilityVersion = "Xcode 9.3";
			developmentRegion = en;
			hasScannedForEncodings = 0;
			knownRegions = (
				en,
				Base,
			);
			mainGroup = A548235324ECE7CC00C01225;
			productRefGroup = A548235D24ECE7CC00C01225 /* Products */;
			projectDirPath = "";
			projectRoot = "";
			targets = (
				A548235B24ECE7CC00C01225 /* n */,
			);
		};
/* End PBXProject section */

/* Begin PBXResourcesBuildPhase section */
		A548235A24ECE7CC00C01225 /* Resources */ = {
			isa = PBXResourcesBuildPhase;
			buildActionMask = 2147483647;
			files = (
				A548236F24ECE7CD00C01225 /* LaunchScreen.storyboard in Resources */,
				A548236C24ECE7CD00C01225 /* Assets.xcassets in Resources */,
				A548236724ECE7CC00C01225 /* Main.storyboard in Resources */,
			);
			runOnlyForDeploymentPostprocessing = 0;
		};
/* End PBXResourcesBuildPhase section */

/* Begin PBXSourcesBuildPhase section */
		A548235824ECE7CC00C01225 /* Sources */ = {
			isa = PBXSourcesBuildPhase;
			buildActionMask = 2147483647;
			files = (
				A548236A24ECE7CC00C01225 /* n.xcdatamodeld in Sources */,
				A548236424ECE7CC00C01225 /* ViewController.swift in Sources */,
				A548236024ECE7CC00C01225 /* AppDelegate.swift in Sources */,
				A548236224ECE7CC00C01225 /* SceneDelegate.swift in Sources */,
			);
			runOnlyForDeploymentPostprocessing = 0;
		};
/* End PBXSourcesBuildPhase section */

/* Begin PBXVariantGroup section */
		A548236524ECE7CC00C01225 /* Main.storyboard */ = {
			isa = PBXVariantGroup;
			children = (
				A548236624ECE7CC00C01225 /* Base */,
			);
			name = Main.storyboard;
			sourceTree = "<group>";
		};
		A548236D24ECE7CD00C01225 /* LaunchScreen.storyboard */ = {
			isa = PBXVariantGroup;
			children = (
				A548236E24ECE7CD00C01225 /* Base */,
			);
			name = LaunchScreen.storyboard;
			sourceTree = "<group>";
		};
/* End PBXVariantGroup section */

/* Begin XCBuildConfiguration section */
		A548237124ECE7CD00C01225 /* Debug */ = {
			isa = XCBuildConfiguration;
			buildSettings = {
				ALWAYS_SEARCH_USER_PATHS = NO;
				CLANG_ANALYZER_NONNULL = YES;
				CLANG_ANALYZER_NUMBER_OBJECT_CONVERSION = YES_AGGRESSIVE;
				CLANG_CXX_LANGUAGE_STANDARD = "gnu++14";
				CLANG_CXX_LIBRARY = "libc++";
				CLANG_ENABLE_MODULES = YES;
				CLANG_ENABLE_OBJC_ARC = NO;
				CLANG_ENABLE_OBJC_WEAK = YES;
				CLANG_WARN_BLOCK_CAPTURE_AUTORELEASING = YES;
				CLANG_WARN_BOOL_CONVERSION = YES;
				CLANG_WARN_COMMA = YES;
				CLANG_WARN_CONSTANT_CONVERSION = YES;
				CLANG_WARN_DEPRECATED_OBJC_IMPLEMENTATIONS = YES;
				CLANG_WARN_DIRECT_OBJC_ISA_USAGE = YES_ERROR;
				CLANG_WARN_DOCUMENTATION_COMMENTS = YES;
				CLANG_WARN_EMPTY_BODY = YES;
				CLANG_WARN_ENUM_CONVERSION = YES;
				CLANG_WARN_INFINITE_RECURSION = YES;
				CLANG_WARN_INT_CONVERSION = YES;
				CLANG_WARN_NON_LITERAL_NULL_CONVERSION = YES;
				CLANG_WARN_OBJC_IMPLICIT_RETAIN_SELF = YES;
				CLANG_WARN_OBJC_LITERAL_CONVERSION = YES;
				CLANG_WARN_OBJC_ROOT_CLASS = YES_ERROR;
				CLANG_WARN_RANGE_LOOP_ANALYSIS = YES;
				CLANG_WARN_STRICT_PROTOTYPES = YES;
				CLANG_WARN_SUSPICIOUS_MOVE = YES;
				CLANG_WARN_UNGUARDED_AVAILABILITY = YES_AGGRESSIVE;
				CLANG_WARN_UNREACHABLE_CODE = YES;
				CLANG_WARN__DUPLICATE_METHOD_MATCH = YES;
				COPY_PHASE_STRIP = NO;
				DEBUG_INFORMATION_FORMAT = dwarf;
				ENABLE_STRICT_OBJC_MSGSEND = YES;
				ENABLE_TESTABILITY = YES;
				GCC_C_LANGUAGE_STANDARD = gnu11;
				GCC_DYNAMIC_NO_PIC = NO;
				GCC_NO_COMMON_BLOCKS = YES;
				GCC_OPTIMIZATION_LEVEL = 0;
				GCC_PREPROCESSOR_DEFINITIONS = (
					"DEBUG=1",
					"$(inherited)",
				);
				GCC_WARN_64_TO_32_BIT_CONVERSION = YES;
				GCC_WARN_ABOUT_RETURN_TYPE = YES_ERROR;
				GCC_WARN_UNDECLARED_SELECTOR = YES;
				GCC_WARN_UNINITIALIZED_AUTOS = YES_AGGRESSIVE;
				GCC_WARN_UNUSED_FUNCTION = YES;
				GCC_WARN_UNUSED_VARIABLE = YES;
				IPHONEOS_DEPLOYMENT_TARGET = 13.2;
				MTL_ENABLE_DEBUG_INFO = INCLUDE_SOURCE;
				MTL_FAST_MATH = YES;
				ONLY_ACTIVE_ARCH = YES;
				SDKROOT = iphoneos;
				SWIFT_ACTIVE_COMPILATION_CONDITIONS = DEBUG;
				SWIFT_OBJC_BRIDGING_HEADER = "$(SRCROOT)/n/Header.h";
				SWIFT_OPTIMIZATION_LEVEL = "-Onone";
			};
			name = Debug;
		};
		A548237224ECE7CD00C01225 /* Release */ = {
			isa = XCBuildConfiguration;
			buildSettings = {
				ALWAYS_SEARCH_USER_PATHS = NO;
				CLANG_ANALYZER_NONNULL = YES;
				CLANG_ANALYZER_NUMBER_OBJECT_CONVERSION = YES_AGGRESSIVE;
				CLANG_CXX_LANGUAGE_STANDARD = "gnu++14";
				CLANG_CXX_LIBRARY = "libc++";
				CLANG_ENABLE_MODULES = YES;
				CLANG_ENABLE_OBJC_ARC = NO;
				CLANG_ENABLE_OBJC_WEAK = YES;
				CLANG_WARN_BLOCK_CAPTURE_AUTORELEASING = YES;
				CLANG_WARN_BOOL_CONVERSION = YES;
				CLANG_WARN_COMMA = YES;
				CLANG_WARN_CONSTANT_CONVERSION = YES;
				CLANG_WARN_DEPRECATED_OBJC_IMPLEMENTATIONS = YES;
				CLANG_WARN_DIRECT_OBJC_ISA_USAGE = YES_ERROR;
				CLANG_WARN_DOCUMENTATION_COMMENTS = YES;
				CLANG_WARN_EMPTY_BODY = YES;
				CLANG_WARN_ENUM_CONVERSION = YES;
				CLANG_WARN_INFINITE_RECURSION = YES;
				CLANG_WARN_INT_CONVERSION = YES;
				CLANG_WARN_NON_LITERAL_NULL_CONVERSION = YES;
				CLANG_WARN_OBJC_IMPLICIT_RETAIN_SELF = YES;
				CLANG_WARN_OBJC_LITERAL_CONVERSION = YES;
				CLANG_WARN_OBJC_ROOT_CLASS = YES_ERROR;
				CLANG_WARN_RANGE_LOOP_ANALYSIS = YES;
				CLANG_WARN_STRICT_PROTOTYPES = YES;
				CLANG_WARN_SUSPICIOUS_MOVE = YES;
				CLANG_WARN_UNGUARDED_AVAILABILITY = YES_AGGRESSIVE;
				CLANG_WARN_UNREACHABLE_CODE = YES;
				CLANG_WARN__DUPLICATE_METHOD_MATCH = YES;
				COPY_PHASE_STRIP = NO;
				DEBUG_INFORMATION_FORMAT = "dwarf-with-dsym";
				ENABLE_NS_ASSERTIONS = NO;
				ENABLE_STRICT_OBJC_MSGSEND = YES;
				GCC_C_LANGUAGE_STANDARD = gnu11;
				GCC_NO_COMMON_BLOCKS = YES;
				GCC_WARN_64_TO_32_BIT_CONVERSION = YES;
				GCC_WARN_ABOUT_RETURN_TYPE = YES_ERROR;
				GCC_WARN_UNDECLARED_SELECTOR = YES;
				GCC_WARN_UNINITIALIZED_AUTOS = YES_AGGRESSIVE;
				GCC_WARN_UNUSED_FUNCTION = YES;
				GCC_WARN_UNUSED_VARIABLE = YES;
				IPHONEOS_DEPLOYMENT_TARGET = 13.2;
				MTL_ENABLE_DEBUG_INFO = NO;
				MTL_FAST_MATH = YES;
				SDKROOT = iphoneos;
				SWIFT_COMPILATION_MODE = wholemodule;
				SWIFT_OBJC_BRIDGING_HEADER = "$(SRCROOT)/n/Header.h";
				SWIFT_OPTIMIZATION_LEVEL = "-O";
				VALIDATE_PRODUCT = YES;
			};
			name = Release;
		};
		A548237424ECE7CD00C01225 /* Debug */ = {
			isa = XCBuildConfiguration;
			buildSettings = {
				ASSETCATALOG_COMPILER_APPICON_NAME = AppIcon;
				CODE_SIGN_STYLE = Automatic;
				DEVELOPMENT_TEAM = GURS822HRB;
				FRAMEWORK_SEARCH_PATHS = (
					"$(inherited)",
					"$(PROJECT_DIR)",
				);
				INFOPLIST_FILE = n/Info.plist;
				LD_RUNPATH_SEARCH_PATHS = (
					"$(inherited)",
					"@executable_path/Frameworks",
				);
				PRODUCT_BUNDLE_IDENTIFIER = "yujin-son.n";
				PRODUCT_NAME = "$(TARGET_NAME)";
				SWIFT_OBJC_BRIDGING_HEADER = "$(SRCROOT)/n/Header.h";
				SWIFT_VERSION = 5.0;
				TARGETED_DEVICE_FAMILY = "1,2";
			};
			name = Debug;
		};
		A548237524ECE7CD00C01225 /* Release */ = {
			isa = XCBuildConfiguration;
			buildSettings = {
				ASSETCATALOG_COMPILER_APPICON_NAME = AppIcon;
				CODE_SIGN_STYLE = Automatic;
				DEVELOPMENT_TEAM = GURS822HRB;
				FRAMEWORK_SEARCH_PATHS = (
					"$(inherited)",
					"$(PROJECT_DIR)",
				);
				INFOPLIST_FILE = n/Info.plist;
				LD_RUNPATH_SEARCH_PATHS = (
					"$(inherited)",
					"@executable_path/Frameworks",
				);
				PRODUCT_BUNDLE_IDENTIFIER = "yujin-son.n";
				PRODUCT_NAME = "$(TARGET_NAME)";
				SWIFT_OBJC_BRIDGING_HEADER = "$(SRCROOT)/n/Header.h";
				SWIFT_VERSION = 5.0;
				TARGETED_DEVICE_FAMILY = "1,2";
			};
			name = Release;
		};
/* End XCBuildConfiguration section */

/* Begin XCConfigurationList section */
		A548235724ECE7CC00C01225 /* Build configuration list for PBXProject "n" */ = {
			isa = XCConfigurationList;
			buildConfigurations = (
				A548237124ECE7CD00C01225 /* Debug */,
				A548237224ECE7CD00C01225 /* Release */,
			);
			defaultConfigurationIsVisible = 0;
			defaultConfigurationName = Release;
		};
		A548237324ECE7CD00C01225 /* Build configuration list for PBXNativeTarget "n" */ = {
			isa = XCConfigurationList;
			buildConfigurations = (
				A548237424ECE7CD00C01225 /* Debug */,
				A548237524ECE7CD00C01225 /* Release */,
			);
			defaultConfigurationIsVisible = 0;
			defaultConfigurationName = Release;
		};
/* End XCConfigurationList section */

/* Begin XCVersionGroup section */
		A548236824ECE7CC00C01225 /* n.xcdatamodeld */ = {
			isa = XCVersionGroup;
			children = (
				A548236924ECE7CC00C01225 /* n.xcdatamodel */,
			);
			currentVersion = A548236924ECE7CC00C01225 /* n.xcdatamodel */;
			path = n.xcdatamodeld;
			sourceTree = "<group>";
			versionGroupType = wrapper.xcdatamodel;
		};
/* End XCVersionGroup section */
	};
	rootObject = A548235424ECE7CC00C01225 /* Project object */;
}
