// !$*UTF8*$!
{
	archiveVersion = 1;
	classes = {
	};
	objectVersion = 50;
	objects = {

/* Begin PBXBuildFile section */
		A55F43A324ED0C5800F46373 /* AppDelegate.swift in Sources */ = {isa = PBXBuildFile; fileRef = A55F43A224ED0C5800F46373 /* AppDelegate.swift */; };
		A55F43A524ED0C5800F46373 /* SceneDelegate.swift in Sources */ = {isa = PBXBuildFile; fileRef = A55F43A424ED0C5800F46373 /* SceneDelegate.swift */; };
		A55F43A724ED0C5800F46373 /* ViewController.swift in Sources */ = {isa = PBXBuildFile; fileRef = A55F43A624ED0C5800F46373 /* ViewController.swift */; };
		A55F43AA24ED0C5800F46373 /* Main.storyboard in Resources */ = {isa = PBXBuildFile; fileRef = A55F43A824ED0C5800F46373 /* Main.storyboard */; };
		A55F43AD24ED0C5800F46373 /* kkk.xcdatamodeld in Sources */ = {isa = PBXBuildFile; fileRef = A55F43AB24ED0C5800F46373 /* kkk.xcdatamodeld */; };
		A55F43AF24ED0C5900F46373 /* Assets.xcassets in Resources */ = {isa = PBXBuildFile; fileRef = A55F43AE24ED0C5900F46373 /* Assets.xcassets */; };
		A55F43B224ED0C5900F46373 /* LaunchScreen.storyboard in Resources */ = {isa = PBXBuildFile; fileRef = A55F43B024ED0C5900F46373 /* LaunchScreen.storyboard */; };
		A55F43C324ED0CF800F46373 /* QuartzCore.framework in Frameworks */ = {isa = PBXBuildFile; fileRef = A55F43C224ED0CF800F46373 /* QuartzCore.framework */; };
		A55F43C524ED0D0200F46373 /* CoreLocation.framework in Frameworks */ = {isa = PBXBuildFile; fileRef = A55F43C424ED0D0200F46373 /* CoreLocation.framework */; };
		A55F43C724ED0D0C00F46373 /* SystemConfiguration.framework in Frameworks */ = {isa = PBXBuildFile; fileRef = A55F43C624ED0D0C00F46373 /* SystemConfiguration.framework */; };
		A55F43C924ED0D1C00F46373 /* OpenGLES.framework in Frameworks */ = {isa = PBXBuildFile; fileRef = A55F43C824ED0D1C00F46373 /* OpenGLES.framework */; };
		A55F43CB24ED0E6600F46373 /* DaumMap.framework in Frameworks */ = {isa = PBXBuildFile; fileRef = A55F43BB24ED0CC400F46373 /* DaumMap.framework */; };
		A584CA4924EE53180018A774 /* DaumMap.framework in Frameworks */ = {isa = PBXBuildFile; fileRef = A584CA4824EE530C0018A774 /* DaumMap.framework */; };
		A584CA4A24EE53180018A774 /* DaumMap.framework in Embed Frameworks */ = {isa = PBXBuildFile; fileRef = A584CA4824EE530C0018A774 /* DaumMap.framework */; settings = {ATTRIBUTES = (CodeSignOnCopy, RemoveHeadersOnCopy, ); }; };
/* End PBXBuildFile section */

/* Begin PBXCopyFilesBuildPhase section */
		A584CA4B24EE53180018A774 /* Embed Frameworks */ = {
			isa = PBXCopyFilesBuildPhase;
			buildActionMask = 2147483647;
			dstPath = "";
			dstSubfolderSpec = 10;
			files = (
				A584CA4A24EE53180018A774 /* DaumMap.framework in Embed Frameworks */,
			);
			name = "Embed Frameworks";
			runOnlyForDeploymentPostprocessing = 0;
		};
/* End PBXCopyFilesBuildPhase section */

/* Begin PBXFileReference section */
		A55F439F24ED0C5800F46373 /* kkk.app */ = {isa = PBXFileReference; explicitFileType = wrapper.application; includeInIndex = 0; path = kkk.app; sourceTree = BUILT_PRODUCTS_DIR; };
		A55F43A224ED0C5800F46373 /* AppDelegate.swift */ = {isa = PBXFileReference; lastKnownFileType = sourcecode.swift; path = AppDelegate.swift; sourceTree = "<group>"; };
		A55F43A424ED0C5800F46373 /* SceneDelegate.swift */ = {isa = PBXFileReference; lastKnownFileType = sourcecode.swift; path = SceneDelegate.swift; sourceTree = "<group>"; };
		A55F43A624ED0C5800F46373 /* ViewController.swift */ = {isa = PBXFileReference; lastKnownFileType = sourcecode.swift; path = ViewController.swift; sourceTree = "<group>"; };
		A55F43A924ED0C5800F46373 /* Base */ = {isa = PBXFileReference; lastKnownFileType = file.storyboard; name = Base; path = Base.lproj/Main.storyboard; sourceTree = "<group>"; };
		A55F43AC24ED0C5800F46373 /* kkk.xcdatamodel */ = {isa = PBXFileReference; lastKnownFileType = wrapper.xcdatamodel; path = kkk.xcdatamodel; sourceTree = "<group>"; };
		A55F43AE24ED0C5900F46373 /* Assets.xcassets */ = {isa = PBXFileReference; lastKnownFileType = folder.assetcatalog; path = Assets.xcassets; sourceTree = "<group>"; };
		A55F43B124ED0C5900F46373 /* Base */ = {isa = PBXFileReference; lastKnownFileType = file.storyboard; name = Base; path = Base.lproj/LaunchScreen.storyboard; sourceTree = "<group>"; };
		A55F43B324ED0C5900F46373 /* Info.plist */ = {isa = PBXFileReference; lastKnownFileType = text.plist.xml; path = Info.plist; sourceTree = "<group>"; };
		A55F43BA24ED0CBB00F46373 /* DaumMap.embeddedframework */ = {isa = PBXFileReference; lastKnownFileType = folder; name = DaumMap.embeddedframework; path = "../../../../Downloads/kakaoMapAPITest-master 3/DaumMap.embeddedframework"; sourceTree = "<group>"; };
		A55F43BB24ED0CC400F46373 /* DaumMap.framework */ = {isa = PBXFileReference; lastKnownFileType = wrapper.framework; name = DaumMap.framework; path = "../../../../Downloads/kakaoMapAPITest-master 3/DaumMap.embeddedframework/DaumMap.framework"; sourceTree = "<group>"; };
		A55F43BF24ED0CDB00F46373 /* libsqlite3.tbd */ = {isa = PBXFileReference; lastKnownFileType = "sourcecode.text-based-dylib-definition"; name = libsqlite3.tbd; path = usr/lib/libsqlite3.tbd; sourceTree = SDKROOT; };
		A55F43C024ED0CE500F46373 /* libxml2.tbd */ = {isa = PBXFileReference; lastKnownFileType = "sourcecode.text-based-dylib-definition"; name = libxml2.tbd; path = usr/lib/libxml2.tbd; sourceTree = SDKROOT; };
		A55F43C124ED0CED00F46373 /* libc++.tbd */ = {isa = PBXFileReference; lastKnownFileType = "sourcecode.text-based-dylib-definition"; name = "libc++.tbd"; path = "usr/lib/libc++.tbd"; sourceTree = SDKROOT; };
		A55F43C224ED0CF800F46373 /* QuartzCore.framework */ = {isa = PBXFileReference; lastKnownFileType = wrapper.framework; name = QuartzCore.framework; path = System/Library/Frameworks/QuartzCore.framework; sourceTree = SDKROOT; };
		A55F43C424ED0D0200F46373 /* CoreLocation.framework */ = {isa = PBXFileReference; lastKnownFileType = wrapper.framework; name = CoreLocation.framework; path = System/Library/Frameworks/CoreLocation.framework; sourceTree = SDKROOT; };
		A55F43C624ED0D0C00F46373 /* SystemConfiguration.framework */ = {isa = PBXFileReference; lastKnownFileType = wrapper.framework; name = SystemConfiguration.framework; path = System/Library/Frameworks/SystemConfiguration.framework; sourceTree = SDKROOT; };
		A55F43C824ED0D1C00F46373 /* OpenGLES.framework */ = {isa = PBXFileReference; lastKnownFileType = wrapper.framework; name = OpenGLES.framework; path = System/Library/Frameworks/OpenGLES.framework; sourceTree = SDKROOT; };
		A584CA4824EE530C0018A774 /* DaumMap.framework */ = {isa = PBXFileReference; lastKnownFileType = wrapper.framework; path = DaumMap.framework; sourceTree = "<group>"; };
		A584CA4C24EE53470018A774 /* Headerh.h */ = {isa = PBXFileReference; lastKnownFileType = sourcecode.c.h; path = Headerh.h; sourceTree = "<group>"; };
/* End PBXFileReference section */

/* Begin PBXFrameworksBuildPhase section */
		A55F439C24ED0C5800F46373 /* Frameworks */ = {
			isa = PBXFrameworksBuildPhase;
			buildActionMask = 2147483647;
			files = (
				A55F43C924ED0D1C00F46373 /* OpenGLES.framework in Frameworks */,
				A55F43C524ED0D0200F46373 /* CoreLocation.framework in Frameworks */,
				A55F43C324ED0CF800F46373 /* QuartzCore.framework in Frameworks */,
				A55F43C724ED0D0C00F46373 /* SystemConfiguration.framework in Frameworks */,
				A584CA4924EE53180018A774 /* DaumMap.framework in Frameworks */,
				A55F43CB24ED0E6600F46373 /* DaumMap.framework in Frameworks */,
			);
			runOnlyForDeploymentPostprocessing = 0;
		};
/* End PBXFrameworksBuildPhase section */

/* Begin PBXGroup section */
		A55F439624ED0C5800F46373 = {
			isa = PBXGroup;
			children = (
				A584CA4824EE530C0018A774 /* DaumMap.framework */,
				A55F43A124ED0C5800F46373 /* kkk */,
				A55F43A024ED0C5800F46373 /* Products */,
				A55F43B924ED0CBB00F46373 /* Frameworks */,
			);
			sourceTree = "<group>";
		};
		A55F43A024ED0C5800F46373 /* Products */ = {
			isa = PBXGroup;
			children = (
				A55F439F24ED0C5800F46373 /* kkk.app */,
			);
			name = Products;
			sourceTree = "<group>";
		};
		A55F43A124ED0C5800F46373 /* kkk */ = {
			isa = PBXGroup;
			children = (
				A55F43A224ED0C5800F46373 /* AppDelegate.swift */,
				A55F43A424ED0C5800F46373 /* SceneDelegate.swift */,
				A55F43A624ED0C5800F46373 /* ViewController.swift */,
				A584CA4C24EE53470018A774 /* Headerh.h */,
				A55F43A824ED0C5800F46373 /* Main.storyboard */,
				A55F43AE24ED0C5900F46373 /* Assets.xcassets */,
				A55F43B024ED0C5900F46373 /* LaunchScreen.storyboard */,
				A55F43B324ED0C5900F46373 /* Info.plist */,
				A55F43AB24ED0C5800F46373 /* kkk.xcdatamodeld */,
			);
			path = kkk;
			sourceTree = "<group>";
		};
		A55F43B924ED0CBB00F46373 /* Frameworks */ = {
			isa = PBXGroup;
			children = (
				A55F43C824ED0D1C00F46373 /* OpenGLES.framework */,
				A55F43C624ED0D0C00F46373 /* SystemConfiguration.framework */,
				A55F43C424ED0D0200F46373 /* CoreLocation.framework */,
				A55F43C224ED0CF800F46373 /* QuartzCore.framework */,
				A55F43C124ED0CED00F46373 /* libc++.tbd */,
				A55F43C024ED0CE500F46373 /* libxml2.tbd */,
				A55F43BF24ED0CDB00F46373 /* libsqlite3.tbd */,
				A55F43BB24ED0CC400F46373 /* DaumMap.framework */,
				A55F43BA24ED0CBB00F46373 /* DaumMap.embeddedframework */,
			);
			name = Frameworks;
			sourceTree = "<group>";
		};
/* End PBXGroup section */

/* Begin PBXNativeTarget section */
		A55F439E24ED0C5800F46373 /* kkk */ = {
			isa = PBXNativeTarget;
			buildConfigurationList = A55F43B624ED0C5900F46373 /* Build configuration list for PBXNativeTarget "kkk" */;
			buildPhases = (
				A55F439B24ED0C5800F46373 /* Sources */,
				A55F439C24ED0C5800F46373 /* Frameworks */,
				A55F439D24ED0C5800F46373 /* Resources */,
				A584CA4B24EE53180018A774 /* Embed Frameworks */,
			);
			buildRules = (
			);
			dependencies = (
			);
			name = kkk;
			productName = kkk;
			productReference = A55F439F24ED0C5800F46373 /* kkk.app */;
			productType = "com.apple.product-type.application";
		};
/* End PBXNativeTarget section */

/* Begin PBXProject section */
		A55F439724ED0C5800F46373 /* Project object */ = {
			isa = PBXProject;
			attributes = {
				LastSwiftUpdateCheck = 1130;
				LastUpgradeCheck = 1130;
				ORGANIZATIONNAME = "yujin son";
				TargetAttributes = {
					A55F439E24ED0C5800F46373 = {
						CreatedOnToolsVersion = 11.3.1;
					};
				};
			};
			buildConfigurationList = A55F439A24ED0C5800F46373 /* Build configuration list for PBXProject "kkk" */;
			compatibilityVersion = "Xcode 9.3";
			developmentRegion = en;
			hasScannedForEncodings = 0;
			knownRegions = (
				en,
				Base,
			);
			mainGroup = A55F439624ED0C5800F46373;
			productRefGroup = A55F43A024ED0C5800F46373 /* Products */;
			projectDirPath = "";
			projectRoot = "";
			targets = (
				A55F439E24ED0C5800F46373 /* kkk */,
			);
		};
/* End PBXProject section */

/* Begin PBXResourcesBuildPhase section */
		A55F439D24ED0C5800F46373 /* Resources */ = {
			isa = PBXResourcesBuildPhase;
			buildActionMask = 2147483647;
			files = (
				A55F43B224ED0C5900F46373 /* LaunchScreen.storyboard in Resources */,
				A55F43AF24ED0C5900F46373 /* Assets.xcassets in Resources */,
				A55F43AA24ED0C5800F46373 /* Main.storyboard in Resources */,
			);
			runOnlyForDeploymentPostprocessing = 0;
		};
/* End PBXResourcesBuildPhase section */

/* Begin PBXSourcesBuildPhase section */
		A55F439B24ED0C5800F46373 /* Sources */ = {
			isa = PBXSourcesBuildPhase;
			buildActionMask = 2147483647;
			files = (
				A55F43A724ED0C5800F46373 /* ViewController.swift in Sources */,
				A55F43AD24ED0C5800F46373 /* kkk.xcdatamodeld in Sources */,
				A55F43A324ED0C5800F46373 /* AppDelegate.swift in Sources */,
				A55F43A524ED0C5800F46373 /* SceneDelegate.swift in Sources */,
			);
			runOnlyForDeploymentPostprocessing = 0;
		};
/* End PBXSourcesBuildPhase section */

/* Begin PBXVariantGroup section */
		A55F43A824ED0C5800F46373 /* Main.storyboard */ = {
			isa = PBXVariantGroup;
			children = (
				A55F43A924ED0C5800F46373 /* Base */,
			);
			name = Main.storyboard;
			sourceTree = "<group>";
		};
		A55F43B024ED0C5900F46373 /* LaunchScreen.storyboard */ = {
			isa = PBXVariantGroup;
			children = (
				A55F43B124ED0C5900F46373 /* Base */,
			);
			name = LaunchScreen.storyboard;
			sourceTree = "<group>";
		};
/* End PBXVariantGroup section */

/* Begin XCBuildConfiguration section */
		A55F43B424ED0C5900F46373 /* Debug */ = {
			isa = XCBuildConfiguration;
			buildSettings = {
				ALWAYS_SEARCH_USER_PATHS = NO;
				CLANG_ANALYZER_NONNULL = YES;
				CLANG_ANALYZER_NUMBER_OBJECT_CONVERSION = YES_AGGRESSIVE;
				CLANG_CXX_LANGUAGE_STANDARD = "gnu++14";
				CLANG_CXX_LIBRARY = "libc++";
				CLANG_ENABLE_MODULES = YES;
				CLANG_ENABLE_OBJC_ARC = YES;
				CLANG_ENABLE_OBJC_WEAK = YES;
				CLANG_WARN_BLOCK_CAPTURE_AUTORELEASING = YES;
				CLANG_WARN_BOOL_CONVERSION = YES;
				CLANG_WARN_COMMA = YES;
				CLANG_WARN_CONSTANT_CONVERSION = YES;
				CLANG_WARN_DEPRECATED_OBJC_IMPLEMENTATIONS = YES;
				CLANG_WARN_DIRECT_OBJC_ISA_USAGE = YES_ERROR;
				CLANG_WARN_DOCUMENTATION_COMMENTS = YES;
				CLANG_WARN_EMPTY_BODY = YES;
				CLANG_WARN_ENUM_CONVERSION = YES;
				CLANG_WARN_INFINITE_RECURSION = YES;
				CLANG_WARN_INT_CONVERSION = YES;
				CLANG_WARN_NON_LITERAL_NULL_CONVERSION = YES;
				CLANG_WARN_OBJC_IMPLICIT_RETAIN_SELF = YES;
				CLANG_WARN_OBJC_LITERAL_CONVERSION = YES;
				CLANG_WARN_OBJC_ROOT_CLASS = YES_ERROR;
				CLANG_WARN_RANGE_LOOP_ANALYSIS = YES;
				CLANG_WARN_STRICT_PROTOTYPES = YES;
				CLANG_WARN_SUSPICIOUS_MOVE = YES;
				CLANG_WARN_UNGUARDED_AVAILABILITY = YES_AGGRESSIVE;
				CLANG_WARN_UNREACHABLE_CODE = YES;
				CLANG_WARN__DUPLICATE_METHOD_MATCH = YES;
				COPY_PHASE_STRIP = NO;
				DEBUG_INFORMATION_FORMAT = dwarf;
				ENABLE_STRICT_OBJC_MSGSEND = YES;
				ENABLE_TESTABILITY = YES;
				GCC_C_LANGUAGE_STANDARD = gnu11;
				GCC_DYNAMIC_NO_PIC = NO;
				GCC_NO_COMMON_BLOCKS = YES;
				GCC_OPTIMIZATION_LEVEL = 0;
				GCC_PREPROCESSOR_DEFINITIONS = (
					"DEBUG=1",
					"$(inherited)",
				);
				GCC_WARN_64_TO_32_BIT_CONVERSION = YES;
				GCC_WARN_ABOUT_RETURN_TYPE = YES_ERROR;
				GCC_WARN_UNDECLARED_SELECTOR = YES;
				GCC_WARN_UNINITIALIZED_AUTOS = YES_AGGRESSIVE;
				GCC_WARN_UNUSED_FUNCTION = YES;
				GCC_WARN_UNUSED_VARIABLE = YES;
				IPHONEOS_DEPLOYMENT_TARGET = 13.2;
				MTL_ENABLE_DEBUG_INFO = INCLUDE_SOURCE;
				MTL_FAST_MATH = YES;
				ONLY_ACTIVE_ARCH = YES;
				SDKROOT = iphoneos;
				SWIFT_ACTIVE_COMPILATION_CONDITIONS = DEBUG;
				SWIFT_OPTIMIZATION_LEVEL = "-Onone";
			};
			name = Debug;
		};
		A55F43B524ED0C5900F46373 /* Release */ = {
			isa = XCBuildConfiguration;
			buildSettings = {
				ALWAYS_SEARCH_USER_PATHS = NO;
				CLANG_ANALYZER_NONNULL = YES;
				CLANG_ANALYZER_NUMBER_OBJECT_CONVERSION = YES_AGGRESSIVE;
				CLANG_CXX_LANGUAGE_STANDARD = "gnu++14";
				CLANG_CXX_LIBRARY = "libc++";
				CLANG_ENABLE_MODULES = YES;
				CLANG_ENABLE_OBJC_ARC = YES;
				CLANG_ENABLE_OBJC_WEAK = YES;
				CLANG_WARN_BLOCK_CAPTURE_AUTORELEASING = YES;
				CLANG_WARN_BOOL_CONVERSION = YES;
				CLANG_WARN_COMMA = YES;
				CLANG_WARN_CONSTANT_CONVERSION = YES;
				CLANG_WARN_DEPRECATED_OBJC_IMPLEMENTATIONS = YES;
				CLANG_WARN_DIRECT_OBJC_ISA_USAGE = YES_ERROR;
				CLANG_WARN_DOCUMENTATION_COMMENTS = YES;
				CLANG_WARN_EMPTY_BODY = YES;
				CLANG_WARN_ENUM_CONVERSION = YES;
				CLANG_WARN_INFINITE_RECURSION = YES;
				CLANG_WARN_INT_CONVERSION = YES;
				CLANG_WARN_NON_LITERAL_NULL_CONVERSION = YES;
				CLANG_WARN_OBJC_IMPLICIT_RETAIN_SELF = YES;
				CLANG_WARN_OBJC_LITERAL_CONVERSION = YES;
				CLANG_WARN_OBJC_ROOT_CLASS = YES_ERROR;
				CLANG_WARN_RANGE_LOOP_ANALYSIS = YES;
				CLANG_WARN_STRICT_PROTOTYPES = YES;
				CLANG_WARN_SUSPICIOUS_MOVE = YES;
				CLANG_WARN_UNGUARDED_AVAILABILITY = YES_AGGRESSIVE;
				CLANG_WARN_UNREACHABLE_CODE = YES;
				CLANG_WARN__DUPLICATE_METHOD_MATCH = YES;
				COPY_PHASE_STRIP = NO;
				DEBUG_INFORMATION_FORMAT = "dwarf-with-dsym";
				ENABLE_NS_ASSERTIONS = NO;
				ENABLE_STRICT_OBJC_MSGSEND = YES;
				GCC_C_LANGUAGE_STANDARD = gnu11;
				GCC_NO_COMMON_BLOCKS = YES;
				GCC_WARN_64_TO_32_BIT_CONVERSION = YES;
				GCC_WARN_ABOUT_RETURN_TYPE = YES_ERROR;
				GCC_WARN_UNDECLARED_SELECTOR = YES;
				GCC_WARN_UNINITIALIZED_AUTOS = YES_AGGRESSIVE;
				GCC_WARN_UNUSED_FUNCTION = YES;
				GCC_WARN_UNUSED_VARIABLE = YES;
				IPHONEOS_DEPLOYMENT_TARGET = 13.2;
				MTL_ENABLE_DEBUG_INFO = NO;
				MTL_FAST_MATH = YES;
				SDKROOT = iphoneos;
				SWIFT_COMPILATION_MODE = wholemodule;
				SWIFT_OPTIMIZATION_LEVEL = "-O";
				VALIDATE_PRODUCT = YES;
			};
			name = Release;
		};
		A55F43B724ED0C5900F46373 /* Debug */ = {
			isa = XCBuildConfiguration;
			buildSettings = {
				ASSETCATALOG_COMPILER_APPICON_NAME = AppIcon;
				CODE_SIGN_STYLE = Automatic;
				DEVELOPMENT_TEAM = GURS822HRB;
				FRAMEWORK_SEARCH_PATHS = (
					"$(inherited)",
					"$(PROJECT_DIR)",
				);
				INFOPLIST_FILE = kkk/Info.plist;
				LD_RUNPATH_SEARCH_PATHS = (
					"$(inherited)",
					"@executable_path/Frameworks",
				);
				LIBRARY_SEARCH_PATHS = (
					"$(inherited)",
					"$(PROJECT_DIR)/DaumMap.embeddedframework/Resources",
				);
				PRODUCT_BUNDLE_IDENTIFIER = "yujin-son.kkk";
				PRODUCT_NAME = "$(TARGET_NAME)";
				SWIFT_OBJC_BRIDGING_HEADER = /Users/yujinson/Desktop/ios/8day/kkk/kkk/Headerh.h;
				SWIFT_VERSION = 5.0;
				TARGETED_DEVICE_FAMILY = "1,2";
			};
			name = Debug;
		};
		A55F43B824ED0C5900F46373 /* Release */ = {
			isa = XCBuildConfiguration;
			buildSettings = {
				ASSETCATALOG_COMPILER_APPICON_NAME = AppIcon;
				CODE_SIGN_STYLE = Automatic;
				DEVELOPMENT_TEAM = GURS822HRB;
				FRAMEWORK_SEARCH_PATHS = (
					"$(inherited)",
					"$(PROJECT_DIR)",
				);
				INFOPLIST_FILE = kkk/Info.plist;
				LD_RUNPATH_SEARCH_PATHS = (
					"$(inherited)",
					"@executable_path/Frameworks",
				);
				LIBRARY_SEARCH_PATHS = (
					"$(inherited)",
					"$(PROJECT_DIR)/DaumMap.embeddedframework/Resources",
				);
				PRODUCT_BUNDLE_IDENTIFIER = "yujin-son.kkk";
				PRODUCT_NAME = "$(TARGET_NAME)";
				SWIFT_OBJC_BRIDGING_HEADER = /Users/yujinson/Desktop/ios/8day/kkk/kkk/Headerh.h;
				SWIFT_VERSION = 5.0;
				TARGETED_DEVICE_FAMILY = "1,2";
			};
			name = Release;
		};
/* End XCBuildConfiguration section */

/* Begin XCConfigurationList section */
		A55F439A24ED0C5800F46373 /* Build configuration list for PBXProject "kkk" */ = {
			isa = XCConfigurationList;
			buildConfigurations = (
				A55F43B424ED0C5900F46373 /* Debug */,
				A55F43B524ED0C5900F46373 /* Release */,
			);
			defaultConfigurationIsVisible = 0;
			defaultConfigurationName = Release;
		};
		A55F43B624ED0C5900F46373 /* Build configuration list for PBXNativeTarget "kkk" */ = {
			isa = XCConfigurationList;
			buildConfigurations = (
				A55F43B724ED0C5900F46373 /* Debug */,
				A55F43B824ED0C5900F46373 /* Release */,
			);
			defaultConfigurationIsVisible = 0;
			defaultConfigurationName = Release;
		};
/* End XCConfigurationList section */

/* Begin XCVersionGroup section */
		A55F43AB24ED0C5800F46373 /* kkk.xcdatamodeld */ = {
			isa = XCVersionGroup;
			children = (
				A55F43AC24ED0C5800F46373 /* kkk.xcdatamodel */,
			);
			currentVersion = A55F43AC24ED0C5800F46373 /* kkk.xcdatamodel */;
			path = kkk.xcdatamodeld;
			sourceTree = "<group>";
			versionGroupType = wrapper.xcdatamodel;
		};
/* End XCVersionGroup section */
	};
	rootObject = A55F439724ED0C5800F46373 /* Project object */;
}
