// !$*UTF8*$!
{
	archiveVersion = 1;
	classes = {
	};
	objectVersion = 50;
	objects = {

/* Begin PBXBuildFile section */
		A565A57B2594D22A00DBB6A3 /* DetailViewController.swift in Sources */ = {isa = PBXBuildFile; fileRef = A565A57A2594D22A00DBB6A3 /* DetailViewController.swift */; };
		A5700C472599BE9F00708166 /* BountyInfo.swift in Sources */ = {isa = PBXBuildFile; fileRef = A5700C462599BE9F00708166 /* BountyInfo.swift */; };
		A5B8D096259469F600126924 /* AppDelegate.swift in Sources */ = {isa = PBXBuildFile; fileRef = A5B8D095259469F600126924 /* AppDelegate.swift */; };
		A5B8D098259469F600126924 /* SceneDelegate.swift in Sources */ = {isa = PBXBuildFile; fileRef = A5B8D097259469F600126924 /* SceneDelegate.swift */; };
		A5B8D09D259469F600126924 /* Main.storyboard in Resources */ = {isa = PBXBuildFile; fileRef = A5B8D09B259469F600126924 /* Main.storyboard */; };
		A5B8D09F259469F700126924 /* Assets.xcassets in Resources */ = {isa = PBXBuildFile; fileRef = A5B8D09E259469F700126924 /* Assets.xcassets */; };
		A5B8D0A2259469F700126924 /* LaunchScreen.storyboard in Resources */ = {isa = PBXBuildFile; fileRef = A5B8D0A0259469F700126924 /* LaunchScreen.storyboard */; };
		A5B8D0AA25946A6A00126924 /* BountyViewController.swift in Sources */ = {isa = PBXBuildFile; fileRef = A5B8D0A925946A6A00126924 /* BountyViewController.swift */; };
/* End PBXBuildFile section */

/* Begin PBXFileReference section */
		A565A57A2594D22A00DBB6A3 /* DetailViewController.swift */ = {isa = PBXFileReference; lastKnownFileType = sourcecode.swift; path = DetailViewController.swift; sourceTree = "<group>"; };
		A5700C462599BE9F00708166 /* BountyInfo.swift */ = {isa = PBXFileReference; lastKnownFileType = sourcecode.swift; path = BountyInfo.swift; sourceTree = "<group>"; };
		A5B8D092259469F600126924 /* BountyList3.app */ = {isa = PBXFileReference; explicitFileType = wrapper.application; includeInIndex = 0; path = BountyList3.app; sourceTree = BUILT_PRODUCTS_DIR; };
		A5B8D095259469F600126924 /* AppDelegate.swift */ = {isa = PBXFileReference; lastKnownFileType = sourcecode.swift; path = AppDelegate.swift; sourceTree = "<group>"; };
		A5B8D097259469F600126924 /* SceneDelegate.swift */ = {isa = PBXFileReference; lastKnownFileType = sourcecode.swift; path = SceneDelegate.swift; sourceTree = "<group>"; };
		A5B8D09C259469F600126924 /* Base */ = {isa = PBXFileReference; lastKnownFileType = file.storyboard; name = Base; path = Base.lproj/Main.storyboard; sourceTree = "<group>"; };
		A5B8D09E259469F700126924 /* Assets.xcassets */ = {isa = PBXFileReference; lastKnownFileType = folder.assetcatalog; path = Assets.xcassets; sourceTree = "<group>"; };
		A5B8D0A1259469F700126924 /* Base */ = {isa = PBXFileReference; lastKnownFileType = file.storyboard; name = Base; path = Base.lproj/LaunchScreen.storyboard; sourceTree = "<group>"; };
		A5B8D0A3259469F700126924 /* Info.plist */ = {isa = PBXFileReference; lastKnownFileType = text.plist.xml; path = Info.plist; sourceTree = "<group>"; };
		A5B8D0A925946A6A00126924 /* BountyViewController.swift */ = {isa = PBXFileReference; lastKnownFileType = sourcecode.swift; path = BountyViewController.swift; sourceTree = "<group>"; };
/* End PBXFileReference section */

/* Begin PBXFrameworksBuildPhase section */
		A5B8D08F259469F600126924 /* Frameworks */ = {
			isa = PBXFrameworksBuildPhase;
			buildActionMask = 2147483647;
			files = (
			);
			runOnlyForDeploymentPostprocessing = 0;
		};
/* End PBXFrameworksBuildPhase section */

/* Begin PBXGroup section */
		A5B8D089259469F600126924 = {
			isa = PBXGroup;
			children = (
				A5B8D094259469F600126924 /* BountyList3 */,
				A5B8D093259469F600126924 /* Products */,
			);
			sourceTree = "<group>";
		};
		A5B8D093259469F600126924 /* Products */ = {
			isa = PBXGroup;
			children = (
				A5B8D092259469F600126924 /* BountyList3.app */,
			);
			name = Products;
			sourceTree = "<group>";
		};
		A5B8D094259469F600126924 /* BountyList3 */ = {
			isa = PBXGroup;
			children = (
				A5B8D095259469F600126924 /* AppDelegate.swift */,
				A565A57A2594D22A00DBB6A3 /* DetailViewController.swift */,
				A5B8D0A925946A6A00126924 /* BountyViewController.swift */,
				A5700C462599BE9F00708166 /* BountyInfo.swift */,
				A5B8D097259469F600126924 /* SceneDelegate.swift */,
				A5B8D09B259469F600126924 /* Main.storyboard */,
				A5B8D09E259469F700126924 /* Assets.xcassets */,
				A5B8D0A0259469F700126924 /* LaunchScreen.storyboard */,
				A5B8D0A3259469F700126924 /* Info.plist */,
			);
			path = BountyList3;
			sourceTree = "<group>";
		};
/* End PBXGroup section */

/* Begin PBXNativeTarget section */
		A5B8D091259469F600126924 /* BountyList3 */ = {
			isa = PBXNativeTarget;
			buildConfigurationList = A5B8D0A6259469F700126924 /* Build configuration list for PBXNativeTarget "BountyList3" */;
			buildPhases = (
				A5B8D08E259469F600126924 /* Sources */,
				A5B8D08F259469F600126924 /* Frameworks */,
				A5B8D090259469F600126924 /* Resources */,
			);
			buildRules = (
			);
			dependencies = (
			);
			name = BountyList3;
			productName = BountyList2;
			productReference = A5B8D092259469F600126924 /* BountyList3.app */;
			productType = "com.apple.product-type.application";
		};
/* End PBXNativeTarget section */

/* Begin PBXProject section */
		A5B8D08A259469F600126924 /* Project object */ = {
			isa = PBXProject;
			attributes = {
				LastSwiftUpdateCheck = 1130;
				LastUpgradeCheck = 1130;
				ORGANIZATIONNAME = "yujin son";
				TargetAttributes = {
					A5B8D091259469F600126924 = {
						CreatedOnToolsVersion = 11.3.1;
					};
				};
			};
			buildConfigurationList = A5B8D08D259469F600126924 /* Build configuration list for PBXProject "BountyList3" */;
			compatibilityVersion = "Xcode 9.3";
			developmentRegion = en;
			hasScannedForEncodings = 0;
			knownRegions = (
				en,
				Base,
			);
			mainGroup = A5B8D089259469F600126924;
			productRefGroup = A5B8D093259469F600126924 /* Products */;
			projectDirPath = "";
			projectRoot = "";
			targets = (
				A5B8D091259469F600126924 /* BountyList3 */,
			);
		};
/* End PBXProject section */

/* Begin PBXResourcesBuildPhase section */
		A5B8D090259469F600126924 /* Resources */ = {
			isa = PBXResourcesBuildPhase;
			buildActionMask = 2147483647;
			files = (
				A5B8D0A2259469F700126924 /* LaunchScreen.storyboard in Resources */,
				A5B8D09F259469F700126924 /* Assets.xcassets in Resources */,
				A5B8D09D259469F600126924 /* Main.storyboard in Resources */,
			);
			runOnlyForDeploymentPostprocessing = 0;
		};
/* End PBXResourcesBuildPhase section */

/* Begin PBXSourcesBuildPhase section */
		A5B8D08E259469F600126924 /* Sources */ = {
			isa = PBXSourcesBuildPhase;
			buildActionMask = 2147483647;
			files = (
				A5700C472599BE9F00708166 /* BountyInfo.swift in Sources */,
				A5B8D096259469F600126924 /* AppDelegate.swift in Sources */,
				A5B8D0AA25946A6A00126924 /* BountyViewController.swift in Sources */,
				A5B8D098259469F600126924 /* SceneDelegate.swift in Sources */,
				A565A57B2594D22A00DBB6A3 /* DetailViewController.swift in Sources */,
			);
			runOnlyForDeploymentPostprocessing = 0;
		};
/* End PBXSourcesBuildPhase section */

/* Begin PBXVariantGroup section */
		A5B8D09B259469F600126924 /* Main.storyboard */ = {
			isa = PBXVariantGroup;
			children = (
				A5B8D09C259469F600126924 /* Base */,
			);
			name = Main.storyboard;
			sourceTree = "<group>";
		};
		A5B8D0A0259469F700126924 /* LaunchScreen.storyboard */ = {
			isa = PBXVariantGroup;
			children = (
				A5B8D0A1259469F700126924 /* Base */,
			);
			name = LaunchScreen.storyboard;
			sourceTree = "<group>";
		};
/* End PBXVariantGroup section */

/* Begin XCBuildConfiguration section */
		A5B8D0A4259469F700126924 /* Debug */ = {
			isa = XCBuildConfiguration;
			buildSettings = {
				ALWAYS_SEARCH_USER_PATHS = NO;
				CLANG_ANALYZER_NONNULL = YES;
				CLANG_ANALYZER_NUMBER_OBJECT_CONVERSION = YES_AGGRESSIVE;
				CLANG_CXX_LANGUAGE_STANDARD = "gnu++14";
				CLANG_CXX_LIBRARY = "libc++";
				CLANG_ENABLE_MODULES = YES;
				CLANG_ENABLE_OBJC_ARC = YES;
				CLANG_ENABLE_OBJC_WEAK = YES;
				CLANG_WARN_BLOCK_CAPTURE_AUTORELEASING = YES;
				CLANG_WARN_BOOL_CONVERSION = YES;
				CLANG_WARN_COMMA = YES;
				CLANG_WARN_CONSTANT_CONVERSION = YES;
				CLANG_WARN_DEPRECATED_OBJC_IMPLEMENTATIONS = YES;
				CLANG_WARN_DIRECT_OBJC_ISA_USAGE = YES_ERROR;
				CLANG_WARN_DOCUMENTATION_COMMENTS = YES;
				CLANG_WARN_EMPTY_BODY = YES;
				CLANG_WARN_ENUM_CONVERSION = YES;
				CLANG_WARN_INFINITE_RECURSION = YES;
				CLANG_WARN_INT_CONVERSION = YES;
				CLANG_WARN_NON_LITERAL_NULL_CONVERSION = YES;
				CLANG_WARN_OBJC_IMPLICIT_RETAIN_SELF = YES;
				CLANG_WARN_OBJC_LITERAL_CONVERSION = YES;
				CLANG_WARN_OBJC_ROOT_CLASS = YES_ERROR;
				CLANG_WARN_RANGE_LOOP_ANALYSIS = YES;
				CLANG_WARN_STRICT_PROTOTYPES = YES;
				CLANG_WARN_SUSPICIOUS_MOVE = YES;
				CLANG_WARN_UNGUARDED_AVAILABILITY = YES_AGGRESSIVE;
				CLANG_WARN_UNREACHABLE_CODE = YES;
				CLANG_WARN__DUPLICATE_METHOD_MATCH = YES;
				COPY_PHASE_STRIP = NO;
				DEBUG_INFORMATION_FORMAT = dwarf;
				ENABLE_STRICT_OBJC_MSGSEND = YES;
				ENABLE_TESTABILITY = YES;
				GCC_C_LANGUAGE_STANDARD = gnu11;
				GCC_DYNAMIC_NO_PIC = NO;
				GCC_NO_COMMON_BLOCKS = YES;
				GCC_OPTIMIZATION_LEVEL = 0;
				GCC_PREPROCESSOR_DEFINITIONS = (
					"DEBUG=1",
					"$(inherited)",
				);
				GCC_WARN_64_TO_32_BIT_CONVERSION = YES;
				GCC_WARN_ABOUT_RETURN_TYPE = YES_ERROR;
				GCC_WARN_UNDECLARED_SELECTOR = YES;
				GCC_WARN_UNINITIALIZED_AUTOS = YES_AGGRESSIVE;
				GCC_WARN_UNUSED_FUNCTION = YES;
				GCC_WARN_UNUSED_VARIABLE = YES;
				IPHONEOS_DEPLOYMENT_TARGET = 13.2;
				MTL_ENABLE_DEBUG_INFO = INCLUDE_SOURCE;
				MTL_FAST_MATH = YES;
				ONLY_ACTIVE_ARCH = YES;
				SDKROOT = iphoneos;
				SWIFT_ACTIVE_COMPILATION_CONDITIONS = DEBUG;
				SWIFT_OPTIMIZATION_LEVEL = "-Onone";
			};
			name = Debug;
		};
		A5B8D0A5259469F700126924 /* Release */ = {
			isa = XCBuildConfiguration;
			buildSettings = {
				ALWAYS_SEARCH_USER_PATHS = NO;
				CLANG_ANALYZER_NONNULL = YES;
				CLANG_ANALYZER_NUMBER_OBJECT_CONVERSION = YES_AGGRESSIVE;
				CLANG_CXX_LANGUAGE_STANDARD = "gnu++14";
				CLANG_CXX_LIBRARY = "libc++";
				CLANG_ENABLE_MODULES = YES;
				CLANG_ENABLE_OBJC_ARC = YES;
				CLANG_ENABLE_OBJC_WEAK = YES;
				CLANG_WARN_BLOCK_CAPTURE_AUTORELEASING = YES;
				CLANG_WARN_BOOL_CONVERSION = YES;
				CLANG_WARN_COMMA = YES;
				CLANG_WARN_CONSTANT_CONVERSION = YES;
				CLANG_WARN_DEPRECATED_OBJC_IMPLEMENTATIONS = YES;
				CLANG_WARN_DIRECT_OBJC_ISA_USAGE = YES_ERROR;
				CLANG_WARN_DOCUMENTATION_COMMENTS = YES;
				CLANG_WARN_EMPTY_BODY = YES;
				CLANG_WARN_ENUM_CONVERSION = YES;
				CLANG_WARN_INFINITE_RECURSION = YES;
				CLANG_WARN_INT_CONVERSION = YES;
				CLANG_WARN_NON_LITERAL_NULL_CONVERSION = YES;
				CLANG_WARN_OBJC_IMPLICIT_RETAIN_SELF = YES;
				CLANG_WARN_OBJC_LITERAL_CONVERSION = YES;
				CLANG_WARN_OBJC_ROOT_CLASS = YES_ERROR;
				CLANG_WARN_RANGE_LOOP_ANALYSIS = YES;
				CLANG_WARN_STRICT_PROTOTYPES = YES;
				CLANG_WARN_SUSPICIOUS_MOVE = YES;
				CLANG_WARN_UNGUARDED_AVAILABILITY = YES_AGGRESSIVE;
				CLANG_WARN_UNREACHABLE_CODE = YES;
				CLANG_WARN__DUPLICATE_METHOD_MATCH = YES;
				COPY_PHASE_STRIP = NO;
				DEBUG_INFORMATION_FORMAT = "dwarf-with-dsym";
				ENABLE_NS_ASSERTIONS = NO;
				ENABLE_STRICT_OBJC_MSGSEND = YES;
				GCC_C_LANGUAGE_STANDARD = gnu11;
				GCC_NO_COMMON_BLOCKS = YES;
				GCC_WARN_64_TO_32_BIT_CONVERSION = YES;
				GCC_WARN_ABOUT_RETURN_TYPE = YES_ERROR;
				GCC_WARN_UNDECLARED_SELECTOR = YES;
				GCC_WARN_UNINITIALIZED_AUTOS = YES_AGGRESSIVE;
				GCC_WARN_UNUSED_FUNCTION = YES;
				GCC_WARN_UNUSED_VARIABLE = YES;
				IPHONEOS_DEPLOYMENT_TARGET = 13.2;
				MTL_ENABLE_DEBUG_INFO = NO;
				MTL_FAST_MATH = YES;
				SDKROOT = iphoneos;
				SWIFT_COMPILATION_MODE = wholemodule;
				SWIFT_OPTIMIZATION_LEVEL = "-O";
				VALIDATE_PRODUCT = YES;
			};
			name = Release;
		};
		A5B8D0A7259469F700126924 /* Debug */ = {
			isa = XCBuildConfiguration;
			buildSettings = {
				ASSETCATALOG_COMPILER_APPICON_NAME = AppIcon;
				CODE_SIGN_STYLE = Automatic;
				DEVELOPMENT_TEAM = GURS822HRB;
				INFOPLIST_FILE = BountyList3/Info.plist;
				LD_RUNPATH_SEARCH_PATHS = (
					"$(inherited)",
					"@executable_path/Frameworks",
				);
				PRODUCT_BUNDLE_IDENTIFIER = "yujin-son.BountyList3";
				PRODUCT_NAME = BountyList3;
				SWIFT_VERSION = 5.0;
				TARGETED_DEVICE_FAMILY = "1,2";
			};
			name = Debug;
		};
		A5B8D0A8259469F700126924 /* Release */ = {
			isa = XCBuildConfiguration;
			buildSettings = {
				ASSETCATALOG_COMPILER_APPICON_NAME = AppIcon;
				CODE_SIGN_STYLE = Automatic;
				DEVELOPMENT_TEAM = GURS822HRB;
				INFOPLIST_FILE = BountyList3/Info.plist;
				LD_RUNPATH_SEARCH_PATHS = (
					"$(inherited)",
					"@executable_path/Frameworks",
				);
				PRODUCT_BUNDLE_IDENTIFIER = "yujin-son.BountyList3";
				PRODUCT_NAME = BountyList3;
				SWIFT_VERSION = 5.0;
				TARGETED_DEVICE_FAMILY = "1,2";
			};
			name = Release;
		};
/* End XCBuildConfiguration section */

/* Begin XCConfigurationList section */
		A5B8D08D259469F600126924 /* Build configuration list for PBXProject "BountyList3" */ = {
			isa = XCConfigurationList;
			buildConfigurations = (
				A5B8D0A4259469F700126924 /* Debug */,
				A5B8D0A5259469F700126924 /* Release */,
			);
			defaultConfigurationIsVisible = 0;
			defaultConfigurationName = Release;
		};
		A5B8D0A6259469F700126924 /* Build configuration list for PBXNativeTarget "BountyList3" */ = {
			isa = XCConfigurationList;
			buildConfigurations = (
				A5B8D0A7259469F700126924 /* Debug */,
				A5B8D0A8259469F700126924 /* Release */,
			);
			defaultConfigurationIsVisible = 0;
			defaultConfigurationName = Release;
		};
/* End XCConfigurationList section */
	};
	rootObject = A5B8D08A259469F600126924 /* Project object */;
}
